// !$*UTF8*$!
{
	archiveVersion = 1;
	classes = {
	};
	objectVersion = 46;
	objects = {

/* Begin PBXBuildFile section */
		CCA571C01D4787A900FBEC41 /* ThaliCore.h in Headers */ = {isa = PBXBuildFile; fileRef = CCA571BF1D4787A900FBEC41 /* ThaliCore.h */; settings = {ATTRIBUTES = (Public, ); }; };
		CCA571C71D4787A900FBEC41 /* ThaliCore.framework in Frameworks */ = {isa = PBXBuildFile; fileRef = CCA571BC1D4787A900FBEC41 /* ThaliCore.framework */; };
		CCA573021D4B9E5300FBEC41 /* ThaliCore.h in Headers */ = {isa = PBXBuildFile; fileRef = CCA572FB1D4B9E5300FBEC41 /* ThaliCore.h */; settings = {ATTRIBUTES = (Public, ); }; };
		CCA573131D4BA04B00FBEC41 /* TestRunner.swift in Sources */ = {isa = PBXBuildFile; fileRef = CCA5730E1D4BA04B00FBEC41 /* TestRunner.swift */; };
		D30051691D6F269E0001E85F /* SocketRelay.swift in Sources */ = {isa = PBXBuildFile; fileRef = FAADDB0E92AB65796641015A /* SocketRelay.swift */; };
		D300C47B1D54C0EA00A9D97D /* PeerIdentifierTests.swift in Sources */ = {isa = PBXBuildFile; fileRef = D300C47A1D54C0EA00A9D97D /* PeerIdentifierTests.swift */; };
		D3217E341D5E0D980068390B /* PeerIdentifierTests.swift in Sources */ = {isa = PBXBuildFile; fileRef = D300C47A1D54C0EA00A9D97D /* PeerIdentifierTests.swift */; };
		D3217E351D5E0D990068390B /* AppStateNotificationsManagerTests.swift in Sources */ = {isa = PBXBuildFile; fileRef = D37E88BD1D5209B0009243EE /* AppStateNotificationsManagerTests.swift */; };
		D34882F51D62060E0052A3EA /* AdvertiserManagerTests.swift in Sources */ = {isa = PBXBuildFile; fileRef = D34882F41D62060E0052A3EA /* AdvertiserManagerTests.swift */; };
		D34882F71D62064B0052A3EA /* String+Random.swift in Sources */ = {isa = PBXBuildFile; fileRef = D34882F61D62064B0052A3EA /* String+Random.swift */; };
		D368EE221D7DA51000F1C9D4 /* InputStreamHandlerTaskQueue.swift in Sources */ = {isa = PBXBuildFile; fileRef = FAADD4A08897E0AF08752741 /* InputStreamHandlerTaskQueue.swift */; };
		D368EE241D7DA53B00F1C9D4 /* InputStreamHandlerTaskQueueTests.swift in Sources */ = {isa = PBXBuildFile; fileRef = D368EE231D7DA53B00F1C9D4 /* InputStreamHandlerTaskQueueTests.swift */; };
		D368EE271D7DA80500F1C9D4 /* AtomicTests.swift in Sources */ = {isa = PBXBuildFile; fileRef = D368EE261D7DA80500F1C9D4 /* AtomicTests.swift */; };
		D368EE281D7DA80800F1C9D4 /* AtomicTests.swift in Sources */ = {isa = PBXBuildFile; fileRef = D368EE261D7DA80500F1C9D4 /* AtomicTests.swift */; };
		D368EE2A1D7DB0DC00F1C9D4 /* SocketRelayTests.swift in Sources */ = {isa = PBXBuildFile; fileRef = D368EE291D7DB0DC00F1C9D4 /* SocketRelayTests.swift */; };
		D368EE2C1D7DC61A00F1C9D4 /* MultipeerConnectHelper.swift in Sources */ = {isa = PBXBuildFile; fileRef = D368EE2B1D7DC61A00F1C9D4 /* MultipeerConnectHelper.swift */; };
		D368EE2D1D7DC64D00F1C9D4 /* MultipeerConnectHelper.swift in Sources */ = {isa = PBXBuildFile; fileRef = D368EE2B1D7DC61A00F1C9D4 /* MultipeerConnectHelper.swift */; };
		D368EE2F1D7DDB7000F1C9D4 /* VirtualSocketBuilderTests.swift in Sources */ = {isa = PBXBuildFile; fileRef = D368EE2E1D7DDB7000F1C9D4 /* VirtualSocketBuilderTests.swift */; };
		D375BDEA1D6313E30059805F /* AdvertiserManagerTests.swift in Sources */ = {isa = PBXBuildFile; fileRef = D34882F41D62060E0052A3EA /* AdvertiserManagerTests.swift */; };
		D375BDEC1D6313F70059805F /* BrowserManagerTests.swift in Sources */ = {isa = PBXBuildFile; fileRef = D375BDEB1D6313F70059805F /* BrowserManagerTests.swift */; };
		D375BDED1D6314A10059805F /* BrowserManagerTests.swift in Sources */ = {isa = PBXBuildFile; fileRef = D375BDEB1D6313F70059805F /* BrowserManagerTests.swift */; };
		D377C4FD1D6B58F800916A7B /* String+Random.swift in Sources */ = {isa = PBXBuildFile; fileRef = D34882F61D62064B0052A3EA /* String+Random.swift */; };
		D377C5021D6D9C1600916A7B /* VirtualSocketBuilder.swift in Sources */ = {isa = PBXBuildFile; fileRef = FAADD76EB1071AB28B6EB247 /* VirtualSocketBuilder.swift */; };
		D37E88BE1D5209B0009243EE /* AppStateNotificationsManagerTests.swift in Sources */ = {isa = PBXBuildFile; fileRef = D37E88BD1D5209B0009243EE /* AppStateNotificationsManagerTests.swift */; };
		D386064D1D7E988D00B93156 /* InputStreamHandlerTaskQueueTests.swift in Sources */ = {isa = PBXBuildFile; fileRef = D368EE231D7DA53B00F1C9D4 /* InputStreamHandlerTaskQueueTests.swift */; };
		D386064E1D7E988D00B93156 /* SocketRelayTests.swift in Sources */ = {isa = PBXBuildFile; fileRef = D368EE291D7DB0DC00F1C9D4 /* SocketRelayTests.swift */; };
		D386064F1D7E988D00B93156 /* SessionTests.swift in Sources */ = {isa = PBXBuildFile; fileRef = FAADDF493162FBCCDFCD354B /* SessionTests.swift */; };
		D38606501D7E988D00B93156 /* VirtualSocketBuilderTests.swift in Sources */ = {isa = PBXBuildFile; fileRef = D368EE2E1D7DDB7000F1C9D4 /* VirtualSocketBuilderTests.swift */; };
		D38606521D7EA3A600B93156 /* AdvertiserTests.swift in Sources */ = {isa = PBXBuildFile; fileRef = D38606511D7EA3A600B93156 /* AdvertiserTests.swift */; };
		D38606541D7EA3B100B93156 /* BrowserTests.swift in Sources */ = {isa = PBXBuildFile; fileRef = D38606531D7EA3B100B93156 /* BrowserTests.swift */; };
		D38606551D7EACAA00B93156 /* BrowserTests.swift in Sources */ = {isa = PBXBuildFile; fileRef = D38606531D7EA3B100B93156 /* BrowserTests.swift */; };
		D38606561D7EAED400B93156 /* AdvertiserTests.swift in Sources */ = {isa = PBXBuildFile; fileRef = D38606511D7EA3A600B93156 /* AdvertiserTests.swift */; };
		D3D0DE7D1D742872000F077C /* MultiConnectError.swift in Sources */ = {isa = PBXBuildFile; fileRef = FAADDAC0464B4FA765D583CF /* MultiConnectError.swift */; };
		D3D0DE7E1D742873000F077C /* MultiConnectError.swift in Sources */ = {isa = PBXBuildFile; fileRef = FAADDAC0464B4FA765D583CF /* MultiConnectError.swift */; };
		D3E699F81D798F93005D5315 /* Atomic.swift in Sources */ = {isa = PBXBuildFile; fileRef = FAADD84F3454375EE4974B67 /* Atomic.swift */; };
		FAADD04D8930DF3297562D09 /* Session.swift in Sources */ = {isa = PBXBuildFile; fileRef = FAADD342AF116FCE3B46A03D /* Session.swift */; };
		FAADD102266797342438FB50 /* Atomic.swift in Sources */ = {isa = PBXBuildFile; fileRef = FAADD84F3454375EE4974B67 /* Atomic.swift */; };
		FAADD16070404F0C249AF956 /* VirtualSocketBuilder.swift in Sources */ = {isa = PBXBuildFile; fileRef = FAADD76EB1071AB28B6EB247 /* VirtualSocketBuilder.swift */; };
		FAADD352919F859B6CF8942E /* PeerIdentifier.swift in Sources */ = {isa = PBXBuildFile; fileRef = FAADD7A741ABA2A94876C58F /* PeerIdentifier.swift */; };
		FAADD36CCBFA97A7B25AF416 /* PeerIdentifier.swift in Sources */ = {isa = PBXBuildFile; fileRef = FAADD7A741ABA2A94876C58F /* PeerIdentifier.swift */; };
		FAADD430F6A5902FD5595B47 /* ApplicationStateNotificationsManager.swift in Sources */ = {isa = PBXBuildFile; fileRef = FAADDF9BC6783F19BBA3A918 /* ApplicationStateNotificationsManager.swift */; };
		FAADD49592809F2012ED7B29 /* ApplicationStateNotificationsManager.swift in Sources */ = {isa = PBXBuildFile; fileRef = FAADDF9BC6783F19BBA3A918 /* ApplicationStateNotificationsManager.swift */; };
		FAADD5FE7712039E773BC6E5 /* AdvertiserManager.swift in Sources */ = {isa = PBXBuildFile; fileRef = FAADD0E89072AC745F4CB0AB /* AdvertiserManager.swift */; };
		FAADD69116E133AF936D6AAC /* InputStreamHandlerTaskQueue.swift in Sources */ = {isa = PBXBuildFile; fileRef = FAADD4A08897E0AF08752741 /* InputStreamHandlerTaskQueue.swift */; };
		FAADD6ED0224218F394D9DAB /* BrowserManager.swift in Sources */ = {isa = PBXBuildFile; fileRef = FAADD7119C663364132D5C36 /* BrowserManager.swift */; };
		FAADD705CAB9E45559605B8F /* Browser.swift in Sources */ = {isa = PBXBuildFile; fileRef = FAADD0A063AF85E1634DB500 /* Browser.swift */; };
		FAADD7B9451F32511828885E /* Browser.swift in Sources */ = {isa = PBXBuildFile; fileRef = FAADD0A063AF85E1634DB500 /* Browser.swift */; };
		FAADD7FFE1EE91F294513ADA /* AdvertiserManager.swift in Sources */ = {isa = PBXBuildFile; fileRef = FAADD0E89072AC745F4CB0AB /* AdvertiserManager.swift */; };
		FAADD9C4A689F822A6F54D2E /* SessionTests.swift in Sources */ = {isa = PBXBuildFile; fileRef = FAADDF493162FBCCDFCD354B /* SessionTests.swift */; };
		FAADDA5FCF7F856DF4224B68 /* Advertiser.swift in Sources */ = {isa = PBXBuildFile; fileRef = FAADD1EC912A5A83B7AC0C53 /* Advertiser.swift */; };
		FAADDB5F680C576D4D34638B /* Advertiser.swift in Sources */ = {isa = PBXBuildFile; fileRef = FAADD1EC912A5A83B7AC0C53 /* Advertiser.swift */; };
		FAADDC1C4A7942B159C0B09F /* SocketRelay.swift in Sources */ = {isa = PBXBuildFile; fileRef = FAADDB0E92AB65796641015A /* SocketRelay.swift */; };
		FAADDD566FA7D3F34C6C4581 /* Session.swift in Sources */ = {isa = PBXBuildFile; fileRef = FAADD342AF116FCE3B46A03D /* Session.swift */; };
		FAADDDA8FB9D6E557F49081B /* BrowserManager.swift in Sources */ = {isa = PBXBuildFile; fileRef = FAADD7119C663364132D5C36 /* BrowserManager.swift */; };
/* End PBXBuildFile section */

/* Begin PBXContainerItemProxy section */
		CCA571C81D4787A900FBEC41 /* PBXContainerItemProxy */ = {
			isa = PBXContainerItemProxy;
			containerPortal = CCA571B31D4787A900FBEC41 /* Project object */;
			proxyType = 1;
			remoteGlobalIDString = CCA571BB1D4787A900FBEC41;
			remoteInfo = ThaliCore;
		};
/* End PBXContainerItemProxy section */

/* Begin PBXFileReference section */
		CCA571BC1D4787A900FBEC41 /* ThaliCore.framework */ = {isa = PBXFileReference; explicitFileType = wrapper.framework; includeInIndex = 0; path = ThaliCore.framework; sourceTree = BUILT_PRODUCTS_DIR; };
		CCA571BF1D4787A900FBEC41 /* ThaliCore.h */ = {isa = PBXFileReference; lastKnownFileType = sourcecode.c.h; path = ThaliCore.h; sourceTree = "<group>"; };
		CCA571C61D4787A900FBEC41 /* ThaliCoreTests.xctest */ = {isa = PBXFileReference; explicitFileType = wrapper.cfbundle; includeInIndex = 0; path = ThaliCoreTests.xctest; sourceTree = BUILT_PRODUCTS_DIR; };
		CCA571D71D47883100FBEC41 /* Info.plist */ = {isa = PBXFileReference; lastKnownFileType = text.plist.xml; path = Info.plist; sourceTree = "<group>"; };
		CCA572511D478C1000FBEC41 /* Info.plist */ = {isa = PBXFileReference; fileEncoding = 4; lastKnownFileType = text.plist.xml; path = Info.plist; sourceTree = "<group>"; };
		CCA572921D4A327E00FBEC41 /* ThaliCore.framework */ = {isa = PBXFileReference; explicitFileType = wrapper.framework; includeInIndex = 0; path = ThaliCore.framework; sourceTree = BUILT_PRODUCTS_DIR; };
		CCA572EB1D4B6E9600FBEC41 /* Bridging-Header.h */ = {isa = PBXFileReference; lastKnownFileType = sourcecode.c.h; path = "Bridging-Header.h"; sourceTree = "<group>"; };
		CCA572FB1D4B9E5300FBEC41 /* ThaliCore.h */ = {isa = PBXFileReference; fileEncoding = 4; lastKnownFileType = sourcecode.c.h; path = ThaliCore.h; sourceTree = "<group>"; };
		CCA573071D4B9F1B00FBEC41 /* Info.plist */ = {isa = PBXFileReference; fileEncoding = 4; lastKnownFileType = text.plist.xml; path = Info.plist; sourceTree = "<group>"; };
		CCA5730E1D4BA04B00FBEC41 /* TestRunner.swift */ = {isa = PBXFileReference; fileEncoding = 4; lastKnownFileType = sourcecode.swift; path = TestRunner.swift; sourceTree = "<group>"; };
		D300C47A1D54C0EA00A9D97D /* PeerIdentifierTests.swift */ = {isa = PBXFileReference; fileEncoding = 4; lastKnownFileType = sourcecode.swift; path = PeerIdentifierTests.swift; sourceTree = "<group>"; };
		D34882F41D62060E0052A3EA /* AdvertiserManagerTests.swift */ = {isa = PBXFileReference; fileEncoding = 4; lastKnownFileType = sourcecode.swift; path = AdvertiserManagerTests.swift; sourceTree = "<group>"; };
		D34882F61D62064B0052A3EA /* String+Random.swift */ = {isa = PBXFileReference; fileEncoding = 4; lastKnownFileType = sourcecode.swift; path = "String+Random.swift"; sourceTree = "<group>"; };
		D368EE231D7DA53B00F1C9D4 /* InputStreamHandlerTaskQueueTests.swift */ = {isa = PBXFileReference; fileEncoding = 4; lastKnownFileType = sourcecode.swift; path = InputStreamHandlerTaskQueueTests.swift; sourceTree = "<group>"; };
		D368EE261D7DA80500F1C9D4 /* AtomicTests.swift */ = {isa = PBXFileReference; fileEncoding = 4; lastKnownFileType = sourcecode.swift; path = AtomicTests.swift; sourceTree = "<group>"; };
		D368EE291D7DB0DC00F1C9D4 /* SocketRelayTests.swift */ = {isa = PBXFileReference; fileEncoding = 4; lastKnownFileType = sourcecode.swift; path = SocketRelayTests.swift; sourceTree = "<group>"; };
		D368EE2B1D7DC61A00F1C9D4 /* MultipeerConnectHelper.swift */ = {isa = PBXFileReference; fileEncoding = 4; lastKnownFileType = sourcecode.swift; path = MultipeerConnectHelper.swift; sourceTree = "<group>"; };
		D368EE2E1D7DDB7000F1C9D4 /* VirtualSocketBuilderTests.swift */ = {isa = PBXFileReference; fileEncoding = 4; lastKnownFileType = sourcecode.swift; path = VirtualSocketBuilderTests.swift; sourceTree = "<group>"; };
		D375BDEB1D6313F70059805F /* BrowserManagerTests.swift */ = {isa = PBXFileReference; fileEncoding = 4; lastKnownFileType = sourcecode.swift; path = BrowserManagerTests.swift; sourceTree = "<group>"; };
		D37E88BD1D5209B0009243EE /* AppStateNotificationsManagerTests.swift */ = {isa = PBXFileReference; fileEncoding = 4; lastKnownFileType = sourcecode.swift; path = AppStateNotificationsManagerTests.swift; sourceTree = "<group>"; };
		D38606511D7EA3A600B93156 /* AdvertiserTests.swift */ = {isa = PBXFileReference; fileEncoding = 4; lastKnownFileType = sourcecode.swift; path = AdvertiserTests.swift; sourceTree = "<group>"; };
		D38606531D7EA3B100B93156 /* BrowserTests.swift */ = {isa = PBXFileReference; fileEncoding = 4; lastKnownFileType = sourcecode.swift; path = BrowserTests.swift; sourceTree = "<group>"; };
		FAADD0A063AF85E1634DB500 /* Browser.swift */ = {isa = PBXFileReference; fileEncoding = 4; lastKnownFileType = sourcecode.swift; path = Browser.swift; sourceTree = "<group>"; };
		FAADD0E89072AC745F4CB0AB /* AdvertiserManager.swift */ = {isa = PBXFileReference; fileEncoding = 4; lastKnownFileType = sourcecode.swift; path = AdvertiserManager.swift; sourceTree = "<group>"; };
		FAADD1EC912A5A83B7AC0C53 /* Advertiser.swift */ = {isa = PBXFileReference; fileEncoding = 4; lastKnownFileType = sourcecode.swift; path = Advertiser.swift; sourceTree = "<group>"; };
		FAADD342AF116FCE3B46A03D /* Session.swift */ = {isa = PBXFileReference; fileEncoding = 4; lastKnownFileType = sourcecode.swift; path = Session.swift; sourceTree = "<group>"; };
		FAADD4A08897E0AF08752741 /* InputStreamHandlerTaskQueue.swift */ = {isa = PBXFileReference; fileEncoding = 4; lastKnownFileType = sourcecode.swift; path = InputStreamHandlerTaskQueue.swift; sourceTree = "<group>"; };
		FAADD7119C663364132D5C36 /* BrowserManager.swift */ = {isa = PBXFileReference; fileEncoding = 4; lastKnownFileType = sourcecode.swift; path = BrowserManager.swift; sourceTree = "<group>"; };
		FAADD76EB1071AB28B6EB247 /* VirtualSocketBuilder.swift */ = {isa = PBXFileReference; fileEncoding = 4; lastKnownFileType = sourcecode.swift; path = VirtualSocketBuilder.swift; sourceTree = "<group>"; };
		FAADD7A741ABA2A94876C58F /* PeerIdentifier.swift */ = {isa = PBXFileReference; fileEncoding = 4; lastKnownFileType = sourcecode.swift; path = PeerIdentifier.swift; sourceTree = "<group>"; };
		FAADD84F3454375EE4974B67 /* Atomic.swift */ = {isa = PBXFileReference; fileEncoding = 4; lastKnownFileType = sourcecode.swift; path = Atomic.swift; sourceTree = "<group>"; };
		FAADDAC0464B4FA765D583CF /* MultiConnectError.swift */ = {isa = PBXFileReference; fileEncoding = 4; lastKnownFileType = sourcecode.swift; path = MultiConnectError.swift; sourceTree = "<group>"; };
		FAADDB0E92AB65796641015A /* SocketRelay.swift */ = {isa = PBXFileReference; fileEncoding = 4; lastKnownFileType = sourcecode.swift; path = SocketRelay.swift; sourceTree = "<group>"; };
		FAADDF493162FBCCDFCD354B /* SessionTests.swift */ = {isa = PBXFileReference; fileEncoding = 4; lastKnownFileType = sourcecode.swift; path = SessionTests.swift; sourceTree = "<group>"; };
		FAADDF9BC6783F19BBA3A918 /* ApplicationStateNotificationsManager.swift */ = {isa = PBXFileReference; fileEncoding = 4; lastKnownFileType = sourcecode.swift; path = ApplicationStateNotificationsManager.swift; sourceTree = "<group>"; };
/* End PBXFileReference section */

/* Begin PBXFrameworksBuildPhase section */
		CCA571B81D4787A900FBEC41 /* Frameworks */ = {
			isa = PBXFrameworksBuildPhase;
			buildActionMask = 2147483647;
			files = (
			);
			runOnlyForDeploymentPostprocessing = 0;
		};
		CCA571C31D4787A900FBEC41 /* Frameworks */ = {
			isa = PBXFrameworksBuildPhase;
			buildActionMask = 2147483647;
			files = (
				CCA571C71D4787A900FBEC41 /* ThaliCore.framework in Frameworks */,
			);
			runOnlyForDeploymentPostprocessing = 0;
		};
		CCA5728E1D4A327E00FBEC41 /* Frameworks */ = {
			isa = PBXFrameworksBuildPhase;
			buildActionMask = 2147483647;
			files = (
			);
			runOnlyForDeploymentPostprocessing = 0;
		};
/* End PBXFrameworksBuildPhase section */

/* Begin PBXGroup section */
		CCA571B21D4787A900FBEC41 = {
			isa = PBXGroup;
			children = (
				CCA571BE1D4787A900FBEC41 /* ThaliCore */,
				CCA571CA1D4787A900FBEC41 /* ThaliCoreTests */,
				CCA572F71D4B9E5300FBEC41 /* ThaliCoreCITests */,
				CCA571BD1D4787A900FBEC41 /* Products */,
			);
			sourceTree = "<group>";
		};
		CCA571BD1D4787A900FBEC41 /* Products */ = {
			isa = PBXGroup;
			children = (
				CCA571BC1D4787A900FBEC41 /* ThaliCore.framework */,
				CCA571C61D4787A900FBEC41 /* ThaliCoreTests.xctest */,
				CCA572921D4A327E00FBEC41 /* ThaliCore.framework */,
			);
			name = Products;
			sourceTree = "<group>";
		};
		CCA571BE1D4787A900FBEC41 /* ThaliCore */ = {
			isa = PBXGroup;
			children = (
				CCA571DC1D47883C00FBEC41 /* Core */,
				CCA571E51D47883C00FBEC41 /* MultipeerConnectivity */,
				FAADD1C6BE43B5292357C72D /* SocketConnection */,
				CCA571D61D47883100FBEC41 /* SupportingFiles */,
				CCA571BF1D4787A900FBEC41 /* ThaliCore.h */,
			);
			path = ThaliCore;
			sourceTree = "<group>";
		};
		CCA571CA1D4787A900FBEC41 /* ThaliCoreTests */ = {
			isa = PBXGroup;
			children = (
				D38606491D7E984900B93156 /* Core Tests */,
				D386064A1D7E987200B93156 /* MultipeerConnectivity Tests */,
				D38606471D7E982000B93156 /* SocketConnection Tests */,
				D34882F81D6206510052A3EA /* Utils */,
				CCA572EB1D4B6E9600FBEC41 /* Bridging-Header.h */,
				CCA572501D478C1000FBEC41 /* Supporting Files */,
			);
			path = ThaliCoreTests;
			sourceTree = "<group>";
		};
		CCA571D61D47883100FBEC41 /* SupportingFiles */ = {
			isa = PBXGroup;
			children = (
				CCA571D71D47883100FBEC41 /* Info.plist */,
			);
			name = SupportingFiles;
			path = "Supporting Files";
			sourceTree = "<group>";
		};
		CCA571DC1D47883C00FBEC41 /* Core */ = {
			isa = PBXGroup;
			children = (
				FAADDF9BC6783F19BBA3A918 /* ApplicationStateNotificationsManager.swift */,
				FAADD7A741ABA2A94876C58F /* PeerIdentifier.swift */,
				FAADDAC0464B4FA765D583CF /* MultiConnectError.swift */,
				FAADD84F3454375EE4974B67 /* Atomic.swift */,
			);
			path = Core;
			sourceTree = "<group>";
		};
		CCA571E51D47883C00FBEC41 /* MultipeerConnectivity */ = {
			isa = PBXGroup;
			children = (
				FAADD1EC912A5A83B7AC0C53 /* Advertiser.swift */,
				FAADD0A063AF85E1634DB500 /* Browser.swift */,
				FAADD0E89072AC745F4CB0AB /* AdvertiserManager.swift */,
				FAADD7119C663364132D5C36 /* BrowserManager.swift */,
			);
			path = MultipeerConnectivity;
			sourceTree = "<group>";
		};
		CCA572501D478C1000FBEC41 /* Supporting Files */ = {
			isa = PBXGroup;
			children = (
				CCA572511D478C1000FBEC41 /* Info.plist */,
			);
			path = "Supporting Files";
			sourceTree = "<group>";
		};
		CCA572F71D4B9E5300FBEC41 /* ThaliCoreCITests */ = {
			isa = PBXGroup;
			children = (
				CCA573091D4BA04B00FBEC41 /* Core */,
				CCA5730C1D4BA04B00FBEC41 /* TestRunner */,
				CCA573061D4B9F1B00FBEC41 /* Supporting Files */,
				CCA572FB1D4B9E5300FBEC41 /* ThaliCore.h */,
			);
			path = ThaliCoreCITests;
			sourceTree = "<group>";
		};
		CCA573061D4B9F1B00FBEC41 /* Supporting Files */ = {
			isa = PBXGroup;
			children = (
				CCA573071D4B9F1B00FBEC41 /* Info.plist */,
			);
			path = "Supporting Files";
			sourceTree = "<group>";
		};
		CCA573091D4BA04B00FBEC41 /* Core */ = {
			isa = PBXGroup;
			children = (
			);
			path = Core;
			sourceTree = "<group>";
		};
		CCA5730C1D4BA04B00FBEC41 /* TestRunner */ = {
			isa = PBXGroup;
			children = (
				CCA5730E1D4BA04B00FBEC41 /* TestRunner.swift */,
			);
			path = TestRunner;
			sourceTree = "<group>";
		};
		D34882F81D6206510052A3EA /* Utils */ = {
			isa = PBXGroup;
			children = (
				D368EE2B1D7DC61A00F1C9D4 /* MultipeerConnectHelper.swift */,
				D34882F61D62064B0052A3EA /* String+Random.swift */,
			);
			name = Utils;
			sourceTree = "<group>";
		};
		D38606471D7E982000B93156 /* SocketConnection Tests */ = {
			isa = PBXGroup;
			children = (
				D368EE231D7DA53B00F1C9D4 /* InputStreamHandlerTaskQueueTests.swift */,
				D368EE291D7DB0DC00F1C9D4 /* SocketRelayTests.swift */,
				FAADDF493162FBCCDFCD354B /* SessionTests.swift */,
				D368EE2E1D7DDB7000F1C9D4 /* VirtualSocketBuilderTests.swift */,
			);
			name = "SocketConnection Tests";
			sourceTree = "<group>";
		};
		D38606491D7E984900B93156 /* Core Tests */ = {
			isa = PBXGroup;
			children = (
				D37E88BD1D5209B0009243EE /* AppStateNotificationsManagerTests.swift */,
				D300C47A1D54C0EA00A9D97D /* PeerIdentifierTests.swift */,
				D368EE261D7DA80500F1C9D4 /* AtomicTests.swift */,
			);
			name = "Core Tests";
			sourceTree = "<group>";
		};
		D386064A1D7E987200B93156 /* MultipeerConnectivity Tests */ = {
			isa = PBXGroup;
			children = (
				D34882F41D62060E0052A3EA /* AdvertiserManagerTests.swift */,
				D375BDEB1D6313F70059805F /* BrowserManagerTests.swift */,
				D38606511D7EA3A600B93156 /* AdvertiserTests.swift */,
				D38606531D7EA3B100B93156 /* BrowserTests.swift */,
			);
			name = "MultipeerConnectivity Tests";
			sourceTree = "<group>";
		};
		FAADD1C6BE43B5292357C72D /* SocketConnection */ = {
			isa = PBXGroup;
			children = (
				FAADD342AF116FCE3B46A03D /* Session.swift */,
				FAADD76EB1071AB28B6EB247 /* VirtualSocketBuilder.swift */,
				FAADDB0E92AB65796641015A /* SocketRelay.swift */,
				FAADD4A08897E0AF08752741 /* InputStreamHandlerTaskQueue.swift */,
			);
			name = SocketConnection;
			path = "Socket Connection";
			sourceTree = "<group>";
		};
/* End PBXGroup section */

/* Begin PBXHeadersBuildPhase section */
		CCA571B91D4787A900FBEC41 /* Headers */ = {
			isa = PBXHeadersBuildPhase;
			buildActionMask = 2147483647;
			files = (
				CCA571C01D4787A900FBEC41 /* ThaliCore.h in Headers */,
			);
			runOnlyForDeploymentPostprocessing = 0;
		};
		CCA5728F1D4A327E00FBEC41 /* Headers */ = {
			isa = PBXHeadersBuildPhase;
			buildActionMask = 2147483647;
			files = (
				CCA573021D4B9E5300FBEC41 /* ThaliCore.h in Headers */,
			);
			runOnlyForDeploymentPostprocessing = 0;
		};
/* End PBXHeadersBuildPhase section */

/* Begin PBXNativeTarget section */
		CCA571BB1D4787A900FBEC41 /* ThaliCore */ = {
			isa = PBXNativeTarget;
			buildConfigurationList = CCA571D01D4787A900FBEC41 /* Build configuration list for PBXNativeTarget "ThaliCore" */;
			buildPhases = (
				CCA571B71D4787A900FBEC41 /* Sources */,
				CCA571B81D4787A900FBEC41 /* Frameworks */,
				CCA571B91D4787A900FBEC41 /* Headers */,
				CCA571BA1D4787A900FBEC41 /* Resources */,
				D3217E581D5E10610068390B /* ShellScript */,
			);
			buildRules = (
			);
			dependencies = (
			);
			name = ThaliCore;
			productName = ThaliCore;
			productReference = CCA571BC1D4787A900FBEC41 /* ThaliCore.framework */;
			productType = "com.apple.product-type.framework";
		};
		CCA571C51D4787A900FBEC41 /* ThaliCoreTests */ = {
			isa = PBXNativeTarget;
			buildConfigurationList = CCA571D31D4787A900FBEC41 /* Build configuration list for PBXNativeTarget "ThaliCoreTests" */;
			buildPhases = (
				CCA571C21D4787A900FBEC41 /* Sources */,
				CCA571C31D4787A900FBEC41 /* Frameworks */,
				CCA571C41D4787A900FBEC41 /* Resources */,
				D3D308141D52128500943EED /* SwiftLint */,
			);
			buildRules = (
			);
			dependencies = (
				CCA571C91D4787A900FBEC41 /* PBXTargetDependency */,
			);
			name = ThaliCoreTests;
			productName = ThaliCoreTests;
			productReference = CCA571C61D4787A900FBEC41 /* ThaliCoreTests.xctest */;
			productType = "com.apple.product-type.bundle.unit-test";
		};
		CCA572911D4A327E00FBEC41 /* ThaliCoreCITests */ = {
			isa = PBXNativeTarget;
			buildConfigurationList = CCA572971D4A327E00FBEC41 /* Build configuration list for PBXNativeTarget "ThaliCoreCITests" */;
			buildPhases = (
				CCA5728D1D4A327E00FBEC41 /* Sources */,
				CCA5728E1D4A327E00FBEC41 /* Frameworks */,
				CCA5728F1D4A327E00FBEC41 /* Headers */,
				CCA572901D4A327E00FBEC41 /* Resources */,
				CCA5729C1D4A32E100FBEC41 /* SwiftLint */,
			);
			buildRules = (
			);
			dependencies = (
			);
			name = ThaliCoreCITests;
			productName = ThaliCoreWithTests;
			productReference = CCA572921D4A327E00FBEC41 /* ThaliCore.framework */;
			productType = "com.apple.product-type.framework";
		};
/* End PBXNativeTarget section */

/* Begin PBXProject section */
		CCA571B31D4787A900FBEC41 /* Project object */ = {
			isa = PBXProject;
			attributes = {
				LastSwiftUpdateCheck = 0730;
				LastUpgradeCheck = 0730;
				ORGANIZATIONNAME = Thali;
				TargetAttributes = {
					CCA571BB1D4787A900FBEC41 = {
						CreatedOnToolsVersion = 7.3.1;
					};
					CCA571C51D4787A900FBEC41 = {
						CreatedOnToolsVersion = 7.3.1;
					};
					CCA572911D4A327E00FBEC41 = {
						CreatedOnToolsVersion = 7.3.1;
					};
				};
			};
			buildConfigurationList = CCA571B61D4787A900FBEC41 /* Build configuration list for PBXProject "ThaliCore" */;
			compatibilityVersion = "Xcode 3.2";
			developmentRegion = English;
			hasScannedForEncodings = 0;
			knownRegions = (
				en,
				Base,
			);
			mainGroup = CCA571B21D4787A900FBEC41;
			productRefGroup = CCA571BD1D4787A900FBEC41 /* Products */;
			projectDirPath = "";
			projectRoot = "";
			targets = (
				CCA571BB1D4787A900FBEC41 /* ThaliCore */,
				CCA572911D4A327E00FBEC41 /* ThaliCoreCITests */,
				CCA571C51D4787A900FBEC41 /* ThaliCoreTests */,
			);
		};
/* End PBXProject section */

/* Begin PBXResourcesBuildPhase section */
		CCA571BA1D4787A900FBEC41 /* Resources */ = {
			isa = PBXResourcesBuildPhase;
			buildActionMask = 2147483647;
			files = (
			);
			runOnlyForDeploymentPostprocessing = 0;
		};
		CCA571C41D4787A900FBEC41 /* Resources */ = {
			isa = PBXResourcesBuildPhase;
			buildActionMask = 2147483647;
			files = (
			);
			runOnlyForDeploymentPostprocessing = 0;
		};
		CCA572901D4A327E00FBEC41 /* Resources */ = {
			isa = PBXResourcesBuildPhase;
			buildActionMask = 2147483647;
			files = (
			);
			runOnlyForDeploymentPostprocessing = 0;
		};
/* End PBXResourcesBuildPhase section */

/* Begin PBXShellScriptBuildPhase section */
		CCA5729C1D4A32E100FBEC41 /* SwiftLint */ = {
			isa = PBXShellScriptBuildPhase;
			buildActionMask = 2147483647;
			files = (
			);
			inputPaths = (
			);
			name = SwiftLint;
			outputPaths = (
			);
			runOnlyForDeploymentPostprocessing = 0;
			shellPath = /bin/sh;
			shellScript = "if which swiftlint >/dev/null; then\n    swiftlint\nelse\n    echo \"warning: SwiftLint not installed, download from https://github.com/realm/SwiftLint\"\nfi";
		};
		D3217E581D5E10610068390B /* ShellScript */ = {
			isa = PBXShellScriptBuildPhase;
			buildActionMask = 2147483647;
			files = (
			);
			inputPaths = (
			);
			outputPaths = (
			);
			runOnlyForDeploymentPostprocessing = 0;
			shellPath = /bin/sh;
			shellScript = "\nXCTEST_IPHONEOS_PATH=/Applications/Xcode.app/Contents/Developer/Platforms/iPhoneOS.platform/Developer/Library/Frameworks/XCTest.framework\nXCTEST_IPHONESIMULATOR_PATH=/Applications/Xcode.app/Contents/Developer/Platforms/iPhoneSimulator.platform/Developer/Library/Frameworks/XCTest.framework\n\n# Step 1. Define XCTEST_FRAMEWORK_PATH on current platform\nif [ \"${PLATFORM_NAME}\" == \"iphoneos\" ] ; then\nXCTEST_FRAMEWORK_PATH=$XCTEST_IPHONEOS_PATH\nelif [ \"${PLATFORM_NAME}\" == \"iphonesimulator\" ] ; then\nXCTEST_FRAMEWORK_PATH=$XCTEST_IPHONESIMULATOR_PATH\nfi\n\n# Step 2. Copy the framework structure into the product frameworks folder\nif [ ! -z \"${XCTEST_FRAMEWORK_PATH}\" ] ; then\ncp -R \"${XCTEST_FRAMEWORK_PATH}\" \"${BUILT_PRODUCTS_DIR}/${FRAMEWORKS_FOLDER_PATH}/\"\nfi\n\n";
		};
		D3D308141D52128500943EED /* SwiftLint */ = {
			isa = PBXShellScriptBuildPhase;
			buildActionMask = 2147483647;
			files = (
			);
			inputPaths = (
			);
			name = SwiftLint;
			outputPaths = (
			);
			runOnlyForDeploymentPostprocessing = 0;
			shellPath = /bin/sh;
			shellScript = "if which swiftlint >/dev/null; then\nswiftlint\nelse\necho \"warning: SwiftLint not installed, download from https://github.com/realm/SwiftLint\"\nfi";
		};
/* End PBXShellScriptBuildPhase section */

/* Begin PBXSourcesBuildPhase section */
		CCA571B71D4787A900FBEC41 /* Sources */ = {
			isa = PBXSourcesBuildPhase;
			buildActionMask = 2147483647;
			files = (
				FAADDB5F680C576D4D34638B /* Advertiser.swift in Sources */,
				FAADD49592809F2012ED7B29 /* ApplicationStateNotificationsManager.swift in Sources */,
				FAADD7B9451F32511828885E /* Browser.swift in Sources */,
				FAADD352919F859B6CF8942E /* PeerIdentifier.swift in Sources */,
				D3D0DE7D1D742872000F077C /* MultiConnectError.swift in Sources */,
				D30051691D6F269E0001E85F /* SocketRelay.swift in Sources */,
				FAADD5FE7712039E773BC6E5 /* AdvertiserManager.swift in Sources */,
				FAADDDA8FB9D6E557F49081B /* BrowserManager.swift in Sources */,
				FAADD04D8930DF3297562D09 /* Session.swift in Sources */,
				FAADD16070404F0C249AF956 /* VirtualSocketBuilder.swift in Sources */,
				D368EE221D7DA51000F1C9D4 /* InputStreamHandlerTaskQueue.swift in Sources */,
				D3E699F81D798F93005D5315 /* Atomic.swift in Sources */,
			);
			runOnlyForDeploymentPostprocessing = 0;
		};
		CCA571C21D4787A900FBEC41 /* Sources */ = {
			isa = PBXSourcesBuildPhase;
			buildActionMask = 2147483647;
			files = (
				D368EE2C1D7DC61A00F1C9D4 /* MultipeerConnectHelper.swift in Sources */,
				D368EE2A1D7DB0DC00F1C9D4 /* SocketRelayTests.swift in Sources */,
				D34882F71D62064B0052A3EA /* String+Random.swift in Sources */,
				D300C47B1D54C0EA00A9D97D /* PeerIdentifierTests.swift in Sources */,
				D38606541D7EA3B100B93156 /* BrowserTests.swift in Sources */,
				D368EE271D7DA80500F1C9D4 /* AtomicTests.swift in Sources */,
				D37E88BE1D5209B0009243EE /* AppStateNotificationsManagerTests.swift in Sources */,
				D34882F51D62060E0052A3EA /* AdvertiserManagerTests.swift in Sources */,
				D375BDEC1D6313F70059805F /* BrowserManagerTests.swift in Sources */,
				D38606521D7EA3A600B93156 /* AdvertiserTests.swift in Sources */,
				D368EE2F1D7DDB7000F1C9D4 /* VirtualSocketBuilderTests.swift in Sources */,
				D368EE241D7DA53B00F1C9D4 /* InputStreamHandlerTaskQueueTests.swift in Sources */,
				FAADD9C4A689F822A6F54D2E /* SessionTests.swift in Sources */,
			);
			runOnlyForDeploymentPostprocessing = 0;
		};
		CCA5728D1D4A327E00FBEC41 /* Sources */ = {
			isa = PBXSourcesBuildPhase;
			buildActionMask = 2147483647;
			files = (
				D386064E1D7E988D00B93156 /* SocketRelayTests.swift in Sources */,
				D368EE2D1D7DC64D00F1C9D4 /* MultipeerConnectHelper.swift in Sources */,
				CCA573131D4BA04B00FBEC41 /* TestRunner.swift in Sources */,
				D377C5021D6D9C1600916A7B /* VirtualSocketBuilder.swift in Sources */,
				FAADDA5FCF7F856DF4224B68 /* Advertiser.swift in Sources */,
				FAADD705CAB9E45559605B8F /* Browser.swift in Sources */,
				FAADD430F6A5902FD5595B47 /* ApplicationStateNotificationsManager.swift in Sources */,
				D38606501D7E988D00B93156 /* VirtualSocketBuilderTests.swift in Sources */,
				FAADD36CCBFA97A7B25AF416 /* PeerIdentifier.swift in Sources */,
				D368EE281D7DA80800F1C9D4 /* AtomicTests.swift in Sources */,
				D3217E341D5E0D980068390B /* PeerIdentifierTests.swift in Sources */,
				D3D0DE7E1D742873000F077C /* MultiConnectError.swift in Sources */,
				D377C4FD1D6B58F800916A7B /* String+Random.swift in Sources */,
				D386064F1D7E988D00B93156 /* SessionTests.swift in Sources */,
				FAADD7FFE1EE91F294513ADA /* AdvertiserManager.swift in Sources */,
				D386064D1D7E988D00B93156 /* InputStreamHandlerTaskQueueTests.swift in Sources */,
				FAADD6ED0224218F394D9DAB /* BrowserManager.swift in Sources */,
				D38606551D7EACAA00B93156 /* BrowserTests.swift in Sources */,
				D375BDEA1D6313E30059805F /* AdvertiserManagerTests.swift in Sources */,
				D375BDED1D6314A10059805F /* BrowserManagerTests.swift in Sources */,
				D3217E351D5E0D990068390B /* AppStateNotificationsManagerTests.swift in Sources */,
				FAADDD566FA7D3F34C6C4581 /* Session.swift in Sources */,
				FAADDC1C4A7942B159C0B09F /* SocketRelay.swift in Sources */,
				FAADD102266797342438FB50 /* Atomic.swift in Sources */,
				D38606561D7EAED400B93156 /* AdvertiserTests.swift in Sources */,
				FAADD69116E133AF936D6AAC /* InputStreamHandlerTaskQueue.swift in Sources */,
			);
			runOnlyForDeploymentPostprocessing = 0;
		};
/* End PBXSourcesBuildPhase section */

/* Begin PBXTargetDependency section */
		CCA571C91D4787A900FBEC41 /* PBXTargetDependency */ = {
			isa = PBXTargetDependency;
			target = CCA571BB1D4787A900FBEC41 /* ThaliCore */;
			targetProxy = CCA571C81D4787A900FBEC41 /* PBXContainerItemProxy */;
		};
/* End PBXTargetDependency section */

/* Begin XCBuildConfiguration section */
		CCA571CE1D4787A900FBEC41 /* Debug */ = {
			isa = XCBuildConfiguration;
			buildSettings = {
				ALWAYS_SEARCH_USER_PATHS = NO;
				CLANG_ANALYZER_NONNULL = YES;
				CLANG_CXX_LANGUAGE_STANDARD = "gnu++0x";
				CLANG_CXX_LIBRARY = "libc++";
				CLANG_ENABLE_MODULES = YES;
				CLANG_ENABLE_OBJC_ARC = YES;
				CLANG_WARN_BOOL_CONVERSION = YES;
				CLANG_WARN_CONSTANT_CONVERSION = YES;
				CLANG_WARN_DIRECT_OBJC_ISA_USAGE = YES_ERROR;
				CLANG_WARN_EMPTY_BODY = YES;
				CLANG_WARN_ENUM_CONVERSION = YES;
				CLANG_WARN_INT_CONVERSION = YES;
				CLANG_WARN_OBJC_ROOT_CLASS = YES_ERROR;
				CLANG_WARN_UNREACHABLE_CODE = YES;
				CLANG_WARN__DUPLICATE_METHOD_MATCH = YES;
				CODE_SIGNING_REQUIRED = NO;
				COPY_PHASE_STRIP = NO;
				CURRENT_PROJECT_VERSION = 1;
				DEBUG_INFORMATION_FORMAT = dwarf;
				ENABLE_STRICT_OBJC_MSGSEND = YES;
				ENABLE_TESTABILITY = YES;
				GCC_C_LANGUAGE_STANDARD = gnu99;
				GCC_DYNAMIC_NO_PIC = NO;
				GCC_NO_COMMON_BLOCKS = YES;
				GCC_OPTIMIZATION_LEVEL = 0;
				GCC_PREPROCESSOR_DEFINITIONS = (
					"DEBUG=1",
					"$(inherited)",
				);
				GCC_WARN_64_TO_32_BIT_CONVERSION = YES;
				GCC_WARN_ABOUT_RETURN_TYPE = YES_ERROR;
				GCC_WARN_UNDECLARED_SELECTOR = YES;
				GCC_WARN_UNINITIALIZED_AUTOS = YES_AGGRESSIVE;
				GCC_WARN_UNUSED_FUNCTION = YES;
				GCC_WARN_UNUSED_VARIABLE = YES;
				IPHONEOS_DEPLOYMENT_TARGET = 8.0;
				MTL_ENABLE_DEBUG_INFO = YES;
				ONLY_ACTIVE_ARCH = YES;
				SDKROOT = iphoneos;
				SWIFT_OPTIMIZATION_LEVEL = "-Onone";
				TARGETED_DEVICE_FAMILY = "1,2";
				VERSIONING_SYSTEM = "apple-generic";
				VERSION_INFO_PREFIX = "";
			};
			name = Debug;
		};
		CCA571CF1D4787A900FBEC41 /* Release */ = {
			isa = XCBuildConfiguration;
			buildSettings = {
				ALWAYS_SEARCH_USER_PATHS = NO;
				CLANG_ANALYZER_NONNULL = YES;
				CLANG_CXX_LANGUAGE_STANDARD = "gnu++0x";
				CLANG_CXX_LIBRARY = "libc++";
				CLANG_ENABLE_MODULES = YES;
				CLANG_ENABLE_OBJC_ARC = YES;
				CLANG_WARN_BOOL_CONVERSION = YES;
				CLANG_WARN_CONSTANT_CONVERSION = YES;
				CLANG_WARN_DIRECT_OBJC_ISA_USAGE = YES_ERROR;
				CLANG_WARN_EMPTY_BODY = YES;
				CLANG_WARN_ENUM_CONVERSION = YES;
				CLANG_WARN_INT_CONVERSION = YES;
				CLANG_WARN_OBJC_ROOT_CLASS = YES_ERROR;
				CLANG_WARN_UNREACHABLE_CODE = YES;
				CLANG_WARN__DUPLICATE_METHOD_MATCH = YES;
				CODE_SIGNING_REQUIRED = NO;
				COPY_PHASE_STRIP = NO;
				CURRENT_PROJECT_VERSION = 1;
				DEBUG_INFORMATION_FORMAT = "dwarf-with-dsym";
				ENABLE_NS_ASSERTIONS = NO;
				ENABLE_STRICT_OBJC_MSGSEND = YES;
				GCC_C_LANGUAGE_STANDARD = gnu99;
				GCC_NO_COMMON_BLOCKS = YES;
				GCC_WARN_64_TO_32_BIT_CONVERSION = YES;
				GCC_WARN_ABOUT_RETURN_TYPE = YES_ERROR;
				GCC_WARN_UNDECLARED_SELECTOR = YES;
				GCC_WARN_UNINITIALIZED_AUTOS = YES_AGGRESSIVE;
				GCC_WARN_UNUSED_FUNCTION = YES;
				GCC_WARN_UNUSED_VARIABLE = YES;
				IPHONEOS_DEPLOYMENT_TARGET = 8.0;
				MTL_ENABLE_DEBUG_INFO = NO;
				SDKROOT = iphoneos;
				TARGETED_DEVICE_FAMILY = "1,2";
				VALIDATE_PRODUCT = YES;
				VERSIONING_SYSTEM = "apple-generic";
				VERSION_INFO_PREFIX = "";
			};
			name = Release;
		};
		CCA571D11D4787A900FBEC41 /* Debug */ = {
			isa = XCBuildConfiguration;
			buildSettings = {
				CLANG_ENABLE_MODULES = YES;
				DEFINES_MODULE = YES;
				DYLIB_COMPATIBILITY_VERSION = 1;
				DYLIB_CURRENT_VERSION = 1;
				DYLIB_INSTALL_NAME_BASE = "@rpath";
				INFOPLIST_FILE = "ThaliCore/Supporting Files/Info.plist";
				INSTALL_PATH = "$(LOCAL_LIBRARY_DIR)/Frameworks";
				IPHONEOS_DEPLOYMENT_TARGET = 8.0;
				LD_RUNPATH_SEARCH_PATHS = "$(inherited) @executable_path/Frameworks @loader_path/Frameworks";
				PRODUCT_BUNDLE_IDENTIFIER = org.thali.ThaliCore;
				PRODUCT_NAME = "$(TARGET_NAME)";
				SKIP_INSTALL = YES;
				SWIFT_OPTIMIZATION_LEVEL = "-Onone";
			};
			name = Debug;
		};
		CCA571D21D4787A900FBEC41 /* Release */ = {
			isa = XCBuildConfiguration;
			buildSettings = {
				CLANG_ENABLE_MODULES = YES;
				DEFINES_MODULE = YES;
				DYLIB_COMPATIBILITY_VERSION = 1;
				DYLIB_CURRENT_VERSION = 1;
				DYLIB_INSTALL_NAME_BASE = "@rpath";
				INFOPLIST_FILE = "ThaliCore/Supporting Files/Info.plist";
				INSTALL_PATH = "$(LOCAL_LIBRARY_DIR)/Frameworks";
				IPHONEOS_DEPLOYMENT_TARGET = 8.0;
				LD_RUNPATH_SEARCH_PATHS = "$(inherited) @executable_path/Frameworks @loader_path/Frameworks";
				PRODUCT_BUNDLE_IDENTIFIER = org.thali.ThaliCore;
				PRODUCT_NAME = "$(TARGET_NAME)";
				SKIP_INSTALL = YES;
			};
			name = Release;
		};
		CCA571D41D4787A900FBEC41 /* Debug */ = {
			isa = XCBuildConfiguration;
			buildSettings = {
				CLANG_ENABLE_MODULES = YES;
				CODE_SIGN_IDENTITY = "iPhone Developer";
				INFOPLIST_FILE = "ThaliCoreTests/Supporting Files/Info.plist";
				LD_RUNPATH_SEARCH_PATHS = "$(inherited) @executable_path/Frameworks @loader_path/Frameworks";
				PRODUCT_BUNDLE_IDENTIFIER = org.thali.ThaliCoreTests;
				PRODUCT_NAME = "$(TARGET_NAME)";
				SWIFT_OBJC_BRIDGING_HEADER = "ThaliCoreTests/Bridging-Header.h";
				SWIFT_OPTIMIZATION_LEVEL = "-Onone";
			};
			name = Debug;
		};
		CCA571D51D4787A900FBEC41 /* Release */ = {
			isa = XCBuildConfiguration;
			buildSettings = {
				CLANG_ENABLE_MODULES = YES;
				CODE_SIGN_IDENTITY = "iPhone Developer";
				INFOPLIST_FILE = "ThaliCoreTests/Supporting Files/Info.plist";
				LD_RUNPATH_SEARCH_PATHS = "$(inherited) @executable_path/Frameworks @loader_path/Frameworks";
				PRODUCT_BUNDLE_IDENTIFIER = org.thali.ThaliCoreTests;
				PRODUCT_NAME = "$(TARGET_NAME)";
				SWIFT_OBJC_BRIDGING_HEADER = "ThaliCoreTests/Bridging-Header.h";
			};
			name = Release;
		};
		CCA572981D4A327E00FBEC41 /* Debug */ = {
			isa = XCBuildConfiguration;
			buildSettings = {
				CLANG_ENABLE_MODULES = YES;
				DEFINES_MODULE = YES;
				DYLIB_COMPATIBILITY_VERSION = 1;
				DYLIB_CURRENT_VERSION = 1;
				DYLIB_INSTALL_NAME_BASE = "@rpath";
				ENABLE_BITCODE = NO;
				FRAMEWORK_SEARCH_PATHS = (
					"$(inherited)",
					"$(PLATFORM_DIR)/Developer/Library/Frameworks",
				);
				INFOPLIST_FILE = "$(SRCROOT)/ThaliCoreCITests/Supporting Files/Info.plist";
				INSTALL_PATH = "$(LOCAL_LIBRARY_DIR)/Frameworks";
				IPHONEOS_DEPLOYMENT_TARGET = 8.0;
				LD_RUNPATH_SEARCH_PATHS = "$(inherited) @executable_path/Frameworks @loader_path/Frameworks";
				PRODUCT_BUNDLE_IDENTIFIER = org.thali.ThaliCoreCITests;
				PRODUCT_NAME = ThaliCore;
				SKIP_INSTALL = YES;
				SWIFT_OPTIMIZATION_LEVEL = "-Onone";
			};
			name = Debug;
		};
		CCA572991D4A327E00FBEC41 /* Release */ = {
			isa = XCBuildConfiguration;
			buildSettings = {
				CLANG_ENABLE_MODULES = YES;
				DEFINES_MODULE = YES;
				DYLIB_COMPATIBILITY_VERSION = 1;
				DYLIB_CURRENT_VERSION = 1;
				DYLIB_INSTALL_NAME_BASE = "@rpath";
				ENABLE_BITCODE = NO;
				FRAMEWORK_SEARCH_PATHS = (
					"$(inherited)",
					"$(PLATFORM_DIR)/Developer/Library/Frameworks",
				);
				INFOPLIST_FILE = "$(SRCROOT)/ThaliCoreCITests/Supporting Files/Info.plist";
				INSTALL_PATH = "$(LOCAL_LIBRARY_DIR)/Frameworks";
				IPHONEOS_DEPLOYMENT_TARGET = 8.0;
				LD_RUNPATH_SEARCH_PATHS = "$(inherited) @executable_path/Frameworks @loader_path/Frameworks";
				PRODUCT_BUNDLE_IDENTIFIER = org.thali.ThaliCoreCITests;
				PRODUCT_NAME = ThaliCore;
				SKIP_INSTALL = YES;
			};
			name = Release;
		};
/* End XCBuildConfiguration section */

/* Begin XCConfigurationList section */
		CCA571B61D4787A900FBEC41 /* Build configuration list for PBXProject "ThaliCore" */ = {
			isa = XCConfigurationList;
			buildConfigurations = (
				CCA571CE1D4787A900FBEC41 /* Debug */,
				CCA571CF1D4787A900FBEC41 /* Release */,
			);
			defaultConfigurationIsVisible = 0;
			defaultConfigurationName = Release;
		};
		CCA571D01D4787A900FBEC41 /* Build configuration list for PBXNativeTarget "ThaliCore" */ = {
			isa = XCConfigurationList;
			buildConfigurations = (
				CCA571D11D4787A900FBEC41 /* Debug */,
				CCA571D21D4787A900FBEC41 /* Release */,
			);
			defaultConfigurationIsVisible = 0;
			defaultConfigurationName = Release;
		};
		CCA571D31D4787A900FBEC41 /* Build configuration list for PBXNativeTarget "ThaliCoreTests" */ = {
			isa = XCConfigurationList;
			buildConfigurations = (
				CCA571D41D4787A900FBEC41 /* Debug */,
				CCA571D51D4787A900FBEC41 /* Release */,
			);
			defaultConfigurationIsVisible = 0;
			defaultConfigurationName = Release;
		};
		CCA572971D4A327E00FBEC41 /* Build configuration list for PBXNativeTarget "ThaliCoreCITests" */ = {
			isa = XCConfigurationList;
			buildConfigurations = (
				CCA572981D4A327E00FBEC41 /* Debug */,
				CCA572991D4A327E00FBEC41 /* Release */,
			);
			defaultConfigurationIsVisible = 0;
			defaultConfigurationName = Release;
		};
/* End XCConfigurationList section */
	};
	rootObject = CCA571B31D4787A900FBEC41 /* Project object */;
}
