// !$*UTF8*$!
{
	archiveVersion = 1;
	classes = {
	};
	objectVersion = 46;
	objects = {

/* Begin PBXBuildFile section */
		D43F82C81C59312C0055D44F /* SystemConfiguration.framework in Frameworks */ = {isa = PBXBuildFile; fileRef = D4553BD31C52B57E00AA8C30 /* SystemConfiguration.framework */; };
		D43F82D91C59330C0055D44F /* THEAtomicFlag.m in Sources */ = {isa = PBXBuildFile; fileRef = D4B460581C51154000940B96 /* THEAtomicFlag.m */; };
		D43F82DA1C59330C0055D44F /* THEProtectedMutableDictionary.m in Sources */ = {isa = PBXBuildFile; fileRef = D4B460591C51154000940B96 /* THEProtectedMutableDictionary.m */; };
		D43F82DB1C59330C0055D44F /* THESessionDictionary.m in Sources */ = {isa = PBXBuildFile; fileRef = D4B4605A1C51154000940B96 /* THESessionDictionary.m */; };
		D43F82DC1C59330C0055D44F /* GCDAsyncSocket.m in Sources */ = {isa = PBXBuildFile; fileRef = D4B460561C51152F00940B96 /* GCDAsyncSocket.m */; };
		D43F82DD1C59330C0055D44F /* NPReachability.m in Sources */ = {isa = PBXBuildFile; fileRef = D4B460541C51151B00940B96 /* NPReachability.m */; };
		D43F82DE1C59330C0055D44F /* THEMultipeerClient.m in Sources */ = {isa = PBXBuildFile; fileRef = D401728A1C5114410072022A /* THEMultipeerClient.m */; };
		D43F82DF1C59330C0055D44F /* THEMultipeerClientSession.m in Sources */ = {isa = PBXBuildFile; fileRef = D401728B1C5114410072022A /* THEMultipeerClientSession.m */; };
		D43F82E01C59330C0055D44F /* THEMultipeerClientSocketRelay.m in Sources */ = {isa = PBXBuildFile; fileRef = D401728C1C5114410072022A /* THEMultipeerClientSocketRelay.m */; };
		D43F82E11C59330C0055D44F /* THEMultipeerManager.m in Sources */ = {isa = PBXBuildFile; fileRef = D401728D1C5114410072022A /* THEMultipeerManager.m */; };
		D43F82E21C59330C0055D44F /* THEMultipeerPeerSession.m in Sources */ = {isa = PBXBuildFile; fileRef = D401728E1C5114410072022A /* THEMultipeerPeerSession.m */; };
		D43F82E31C59330C0055D44F /* THEMultipeerServer.m in Sources */ = {isa = PBXBuildFile; fileRef = D401728F1C5114410072022A /* THEMultipeerServer.m */; };
		D43F82E41C59330C0055D44F /* THEMultipeerServerSession.m in Sources */ = {isa = PBXBuildFile; fileRef = D40172901C5114410072022A /* THEMultipeerServerSession.m */; };
		D43F82E51C59330C0055D44F /* THEMultipeerServerSocketRelay.m in Sources */ = {isa = PBXBuildFile; fileRef = D40172911C5114410072022A /* THEMultipeerServerSocketRelay.m */; };
		D43F82E61C59330C0055D44F /* THEMultipeerSocketRelay.m in Sources */ = {isa = PBXBuildFile; fileRef = D40172921C5114410072022A /* THEMultipeerSocketRelay.m */; };
		D43F82E71C59330C0055D44F /* THEAppContext.m in Sources */ = {isa = PBXBuildFile; fileRef = D40172861C5114210072022A /* THEAppContext.m */; };
		D43F82E81C59330C0055D44F /* THEPeerBluetooth.m in Sources */ = {isa = PBXBuildFile; fileRef = D40172871C5114210072022A /* THEPeerBluetooth.m */; };
		D4553BAC1C52ADC700AA8C30 /* main.m in Sources */ = {isa = PBXBuildFile; fileRef = D4553BAB1C52ADC700AA8C30 /* main.m */; };
		D4553BAF1C52ADC700AA8C30 /* AppDelegate.m in Sources */ = {isa = PBXBuildFile; fileRef = D4553BAE1C52ADC700AA8C30 /* AppDelegate.m */; };
		D4553BB21C52ADC700AA8C30 /* ViewController.m in Sources */ = {isa = PBXBuildFile; fileRef = D4553BB11C52ADC700AA8C30 /* ViewController.m */; };
		D4553BB51C52ADC700AA8C30 /* Main.storyboard in Resources */ = {isa = PBXBuildFile; fileRef = D4553BB31C52ADC700AA8C30 /* Main.storyboard */; };
		D4553BB71C52ADC700AA8C30 /* Assets.xcassets in Resources */ = {isa = PBXBuildFile; fileRef = D4553BB61C52ADC700AA8C30 /* Assets.xcassets */; };
		D4553BBA1C52ADC700AA8C30 /* LaunchScreen.storyboard in Resources */ = {isa = PBXBuildFile; fileRef = D4553BB81C52ADC700AA8C30 /* LaunchScreen.storyboard */; };
		D4553BC51C52ADC700AA8C30 /* ThaliSingleInstanceTests.m in Sources */ = {isa = PBXBuildFile; fileRef = D4553BC41C52ADC700AA8C30 /* ThaliSingleInstanceTests.m */; };
		D4C650DD1C52FD8E005F9613 /* ThaliMultipleInstanceTests.m in Sources */ = {isa = PBXBuildFile; fileRef = D4C650DC1C52FD8E005F9613 /* ThaliMultipleInstanceTests.m */; };
/* End PBXBuildFile section */

/* Begin PBXContainerItemProxy section */
		D4553BC11C52ADC700AA8C30 /* PBXContainerItemProxy */ = {
			isa = PBXContainerItemProxy;
			containerPortal = D4E619DC1C47DE5E00903813 /* Project object */;
			proxyType = 1;
			remoteGlobalIDString = D4553BA71C52ADC700AA8C30;
			remoteInfo = TestApp;
		};
/* End PBXContainerItemProxy section */

/* Begin PBXFileReference section */
		D40172861C5114210072022A /* THEAppContext.m */ = {isa = PBXFileReference; fileEncoding = 4; lastKnownFileType = sourcecode.c.objc; name = THEAppContext.m; path = ../../THEAppContext.m; sourceTree = "<group>"; };
		D40172871C5114210072022A /* THEPeerBluetooth.m */ = {isa = PBXFileReference; fileEncoding = 4; lastKnownFileType = sourcecode.c.objc; name = THEPeerBluetooth.m; path = ../../THEPeerBluetooth.m; sourceTree = "<group>"; };
		D401728A1C5114410072022A /* THEMultipeerClient.m */ = {isa = PBXFileReference; lastKnownFileType = sourcecode.c.objc; name = THEMultipeerClient.m; path = ../../MultipeerConnectivity/THEMultipeerClient.m; sourceTree = "<group>"; };
		D401728B1C5114410072022A /* THEMultipeerClientSession.m */ = {isa = PBXFileReference; lastKnownFileType = sourcecode.c.objc; name = THEMultipeerClientSession.m; path = ../../MultipeerConnectivity/THEMultipeerClientSession.m; sourceTree = "<group>"; };
		D401728C1C5114410072022A /* THEMultipeerClientSocketRelay.m */ = {isa = PBXFileReference; lastKnownFileType = sourcecode.c.objc; name = THEMultipeerClientSocketRelay.m; path = ../../MultipeerConnectivity/THEMultipeerClientSocketRelay.m; sourceTree = "<group>"; };
		D401728D1C5114410072022A /* THEMultipeerManager.m */ = {isa = PBXFileReference; lastKnownFileType = sourcecode.c.objc; name = THEMultipeerManager.m; path = ../../MultipeerConnectivity/THEMultipeerManager.m; sourceTree = "<group>"; };
		D401728E1C5114410072022A /* THEMultipeerPeerSession.m */ = {isa = PBXFileReference; lastKnownFileType = sourcecode.c.objc; name = THEMultipeerPeerSession.m; path = ../../MultipeerConnectivity/THEMultipeerPeerSession.m; sourceTree = "<group>"; };
		D401728F1C5114410072022A /* THEMultipeerServer.m */ = {isa = PBXFileReference; lastKnownFileType = sourcecode.c.objc; name = THEMultipeerServer.m; path = ../../MultipeerConnectivity/THEMultipeerServer.m; sourceTree = "<group>"; };
		D40172901C5114410072022A /* THEMultipeerServerSession.m */ = {isa = PBXFileReference; lastKnownFileType = sourcecode.c.objc; name = THEMultipeerServerSession.m; path = ../../MultipeerConnectivity/THEMultipeerServerSession.m; sourceTree = "<group>"; };
		D40172911C5114410072022A /* THEMultipeerServerSocketRelay.m */ = {isa = PBXFileReference; lastKnownFileType = sourcecode.c.objc; name = THEMultipeerServerSocketRelay.m; path = ../../MultipeerConnectivity/THEMultipeerServerSocketRelay.m; sourceTree = "<group>"; };
		D40172921C5114410072022A /* THEMultipeerSocketRelay.m */ = {isa = PBXFileReference; lastKnownFileType = sourcecode.c.objc; name = THEMultipeerSocketRelay.m; path = ../../MultipeerConnectivity/THEMultipeerSocketRelay.m; sourceTree = "<group>"; };
		D401729C1C5114840072022A /* THEAppContext.h */ = {isa = PBXFileReference; lastKnownFileType = sourcecode.c.h; name = THEAppContext.h; path = ../../THEAppContext.h; sourceTree = "<group>"; };
		D401729D1C5114840072022A /* THEPeerBluetooth.h */ = {isa = PBXFileReference; lastKnownFileType = sourcecode.c.h; name = THEPeerBluetooth.h; path = ../../THEPeerBluetooth.h; sourceTree = "<group>"; };
		D401729E1C5114840072022A /* THEPeerBluetoothDelegate.h */ = {isa = PBXFileReference; lastKnownFileType = sourcecode.c.h; name = THEPeerBluetoothDelegate.h; path = ../../THEPeerBluetoothDelegate.h; sourceTree = "<group>"; };
		D401729F1C5114840072022A /* THEPeerDiscoveryDelegate.h */ = {isa = PBXFileReference; lastKnownFileType = sourcecode.c.h; name = THEPeerDiscoveryDelegate.h; path = ../../THEPeerDiscoveryDelegate.h; sourceTree = "<group>"; };
		D40172A01C5114840072022A /* THEThaliEventDelegate.h */ = {isa = PBXFileReference; lastKnownFileType = sourcecode.c.h; name = THEThaliEventDelegate.h; path = ../../THEThaliEventDelegate.h; sourceTree = "<group>"; };
		D4553BAB1C52ADC700AA8C30 /* main.m */ = {isa = PBXFileReference; lastKnownFileType = sourcecode.c.objc; path = main.m; sourceTree = "<group>"; };
		D4553BAD1C52ADC700AA8C30 /* AppDelegate.h */ = {isa = PBXFileReference; lastKnownFileType = sourcecode.c.h; path = AppDelegate.h; sourceTree = "<group>"; };
		D4553BAE1C52ADC700AA8C30 /* AppDelegate.m */ = {isa = PBXFileReference; lastKnownFileType = sourcecode.c.objc; path = AppDelegate.m; sourceTree = "<group>"; };
		D4553BB01C52ADC700AA8C30 /* ViewController.h */ = {isa = PBXFileReference; lastKnownFileType = sourcecode.c.h; path = ViewController.h; sourceTree = "<group>"; };
		D4553BB11C52ADC700AA8C30 /* ViewController.m */ = {isa = PBXFileReference; lastKnownFileType = sourcecode.c.objc; path = ViewController.m; sourceTree = "<group>"; };
		D4553BB41C52ADC700AA8C30 /* Base */ = {isa = PBXFileReference; lastKnownFileType = file.storyboard; name = Base; path = Base.lproj/Main.storyboard; sourceTree = "<group>"; };
		D4553BB61C52ADC700AA8C30 /* Assets.xcassets */ = {isa = PBXFileReference; lastKnownFileType = folder.assetcatalog; path = Assets.xcassets; sourceTree = "<group>"; };
		D4553BB91C52ADC700AA8C30 /* Base */ = {isa = PBXFileReference; lastKnownFileType = file.storyboard; name = Base; path = Base.lproj/LaunchScreen.storyboard; sourceTree = "<group>"; };
		D4553BBB1C52ADC700AA8C30 /* Info.plist */ = {isa = PBXFileReference; lastKnownFileType = text.plist.xml; path = Info.plist; sourceTree = "<group>"; };
		D4553BC41C52ADC700AA8C30 /* ThaliSingleInstanceTests.m */ = {isa = PBXFileReference; lastKnownFileType = sourcecode.c.objc; path = ThaliSingleInstanceTests.m; sourceTree = "<group>"; };
		D4553BC61C52ADC700AA8C30 /* Info.plist */ = {isa = PBXFileReference; lastKnownFileType = text.plist.xml; path = Info.plist; sourceTree = "<group>"; };
		D4553BCF1C52B4F000AA8C30 /* MultipeerConnectivity.framework */ = {isa = PBXFileReference; lastKnownFileType = wrapper.framework; name = MultipeerConnectivity.framework; path = System/Library/Frameworks/MultipeerConnectivity.framework; sourceTree = SDKROOT; };
		D4553BD11C52B50400AA8C30 /* CFNetwork.framework */ = {isa = PBXFileReference; lastKnownFileType = wrapper.framework; name = CFNetwork.framework; path = System/Library/Frameworks/CFNetwork.framework; sourceTree = SDKROOT; };
		D4553BD31C52B57E00AA8C30 /* SystemConfiguration.framework */ = {isa = PBXFileReference; lastKnownFileType = wrapper.framework; name = SystemConfiguration.framework; path = System/Library/Frameworks/SystemConfiguration.framework; sourceTree = SDKROOT; };
		D4B460541C51151B00940B96 /* NPReachability.m */ = {isa = PBXFileReference; lastKnownFileType = sourcecode.c.objc; name = NPReachability.m; path = ../../NPReachability/NPReachability.m; sourceTree = "<group>"; };
		D4B460561C51152F00940B96 /* GCDAsyncSocket.m */ = {isa = PBXFileReference; lastKnownFileType = sourcecode.c.objc; name = GCDAsyncSocket.m; path = ../../GCDAsyncSocket/GCDAsyncSocket.m; sourceTree = "<group>"; };
		D4B460581C51154000940B96 /* THEAtomicFlag.m */ = {isa = PBXFileReference; lastKnownFileType = sourcecode.c.objc; name = THEAtomicFlag.m; path = ../../Utility/THEAtomicFlag.m; sourceTree = "<group>"; };
		D4B460591C51154000940B96 /* THEProtectedMutableDictionary.m */ = {isa = PBXFileReference; lastKnownFileType = sourcecode.c.objc; name = THEProtectedMutableDictionary.m; path = ../../Utility/THEProtectedMutableDictionary.m; sourceTree = "<group>"; };
		D4B4605A1C51154000940B96 /* THESessionDictionary.m */ = {isa = PBXFileReference; lastKnownFileType = sourcecode.c.objc; name = THESessionDictionary.m; path = ../../Utility/THESessionDictionary.m; sourceTree = "<group>"; };
		D4C650DC1C52FD8E005F9613 /* ThaliMultipleInstanceTests.m */ = {isa = PBXFileReference; fileEncoding = 4; lastKnownFileType = sourcecode.c.objc; path = ThaliMultipleInstanceTests.m; sourceTree = "<group>"; };
		D4F8E5481C5A58B700349C01 /* TestApp.app */ = {isa = PBXFileReference; explicitFileType = wrapper.application; includeInIndex = 0; name = TestApp.app; path = "/Users/tobe/src/Thali_CordovaPlugin/src/ios/proj/Thali/build/Debug-iphoneos/TestApp.app"; sourceTree = "<absolute>"; };
		D4F8E5491C5A58B700349C01 /* TestAppTests.xctest */ = {isa = PBXFileReference; explicitFileType = wrapper.cfbundle; includeInIndex = 0; name = TestAppTests.xctest; path = "/Users/tobe/src/Thali_CordovaPlugin/src/ios/proj/Thali/build/Debug-iphoneos/TestAppTests.xctest"; sourceTree = "<absolute>"; };
/* End PBXFileReference section */

/* Begin PBXFrameworksBuildPhase section */
		D4553BA51C52ADC700AA8C30 /* Frameworks */ = {
			isa = PBXFrameworksBuildPhase;
			buildActionMask = 2147483647;
			files = (
			);
			runOnlyForDeploymentPostprocessing = 0;
		};
		D4553BBD1C52ADC700AA8C30 /* Frameworks */ = {
			isa = PBXFrameworksBuildPhase;
			buildActionMask = 2147483647;
			files = (
				D43F82C81C59312C0055D44F /* SystemConfiguration.framework in Frameworks */,
			);
			runOnlyForDeploymentPostprocessing = 0;
		};
/* End PBXFrameworksBuildPhase section */

/* Begin PBXGroup section */
		D4553BA91C52ADC700AA8C30 /* TestApp */ = {
			isa = PBXGroup;
			children = (
				D4553BAD1C52ADC700AA8C30 /* AppDelegate.h */,
				D4553BAE1C52ADC700AA8C30 /* AppDelegate.m */,
				D4553BB01C52ADC700AA8C30 /* ViewController.h */,
				D4553BB11C52ADC700AA8C30 /* ViewController.m */,
				D4553BB31C52ADC700AA8C30 /* Main.storyboard */,
				D4553BB61C52ADC700AA8C30 /* Assets.xcassets */,
				D4553BB81C52ADC700AA8C30 /* LaunchScreen.storyboard */,
				D4553BBB1C52ADC700AA8C30 /* Info.plist */,
				D4553BAA1C52ADC700AA8C30 /* Supporting Files */,
			);
			path = TestApp;
			sourceTree = "<group>";
		};
		D4553BAA1C52ADC700AA8C30 /* Supporting Files */ = {
			isa = PBXGroup;
			children = (
				D4553BAB1C52ADC700AA8C30 /* main.m */,
			);
			name = "Supporting Files";
			sourceTree = "<group>";
		};
		D4553BC31C52ADC700AA8C30 /* TestAppTests */ = {
			isa = PBXGroup;
			children = (
				D4C650DC1C52FD8E005F9613 /* ThaliMultipleInstanceTests.m */,
				D4553BC41C52ADC700AA8C30 /* ThaliSingleInstanceTests.m */,
				D4553BC61C52ADC700AA8C30 /* Info.plist */,
			);
			path = TestAppTests;
			sourceTree = "<group>";
		};
		D4E619DB1C47DE5E00903813 = {
			isa = PBXGroup;
			children = (
				D4553BD31C52B57E00AA8C30 /* SystemConfiguration.framework */,
				D4553BD11C52B50400AA8C30 /* CFNetwork.framework */,
				D4553BCF1C52B4F000AA8C30 /* MultipeerConnectivity.framework */,
				D4B460581C51154000940B96 /* THEAtomicFlag.m */,
				D4B460591C51154000940B96 /* THEProtectedMutableDictionary.m */,
				D4B4605A1C51154000940B96 /* THESessionDictionary.m */,
				D4B460561C51152F00940B96 /* GCDAsyncSocket.m */,
				D4B460541C51151B00940B96 /* NPReachability.m */,
				D401729C1C5114840072022A /* THEAppContext.h */,
				D401729D1C5114840072022A /* THEPeerBluetooth.h */,
				D401729E1C5114840072022A /* THEPeerBluetoothDelegate.h */,
				D401729F1C5114840072022A /* THEPeerDiscoveryDelegate.h */,
				D40172A01C5114840072022A /* THEThaliEventDelegate.h */,
				D401728A1C5114410072022A /* THEMultipeerClient.m */,
				D401728B1C5114410072022A /* THEMultipeerClientSession.m */,
				D401728C1C5114410072022A /* THEMultipeerClientSocketRelay.m */,
				D401728D1C5114410072022A /* THEMultipeerManager.m */,
				D401728E1C5114410072022A /* THEMultipeerPeerSession.m */,
				D401728F1C5114410072022A /* THEMultipeerServer.m */,
				D40172901C5114410072022A /* THEMultipeerServerSession.m */,
				D40172911C5114410072022A /* THEMultipeerServerSocketRelay.m */,
				D40172921C5114410072022A /* THEMultipeerSocketRelay.m */,
				D40172861C5114210072022A /* THEAppContext.m */,
				D40172871C5114210072022A /* THEPeerBluetooth.m */,
				D4553BA91C52ADC700AA8C30 /* TestApp */,
				D4553BC31C52ADC700AA8C30 /* TestAppTests */,
			);
			sourceTree = "<group>";
		};
/* End PBXGroup section */

/* Begin PBXNativeTarget section */
		D4553BA71C52ADC700AA8C30 /* TestApp */ = {
			isa = PBXNativeTarget;
			buildConfigurationList = D4553BC71C52ADC700AA8C30 /* Build configuration list for PBXNativeTarget "TestApp" */;
			buildPhases = (
				D4553BA41C52ADC700AA8C30 /* Sources */,
				D4553BA51C52ADC700AA8C30 /* Frameworks */,
				D4553BA61C52ADC700AA8C30 /* Resources */,
			);
			buildRules = (
			);
			dependencies = (
			);
			name = TestApp;
			productName = TestApp;
			productReference = D4F8E5481C5A58B700349C01 /* TestApp.app */;
			productType = "com.apple.product-type.application";
		};
		D4553BBF1C52ADC700AA8C30 /* TestAppTests */ = {
			isa = PBXNativeTarget;
			buildConfigurationList = D4553BCA1C52ADC700AA8C30 /* Build configuration list for PBXNativeTarget "TestAppTests" */;
			buildPhases = (
				D4553BBC1C52ADC700AA8C30 /* Sources */,
				D4553BBD1C52ADC700AA8C30 /* Frameworks */,
				D4553BBE1C52ADC700AA8C30 /* Resources */,
			);
			buildRules = (
			);
			dependencies = (
				D4553BC21C52ADC700AA8C30 /* PBXTargetDependency */,
			);
			name = TestAppTests;
			productName = TestAppTests;
			productReference = D4F8E5491C5A58B700349C01 /* TestAppTests.xctest */;
			productType = "com.apple.product-type.bundle.unit-test";
		};
/* End PBXNativeTarget section */

/* Begin PBXProject section */
		D4E619DC1C47DE5E00903813 /* Project object */ = {
			isa = PBXProject;
			attributes = {
				LastUpgradeCheck = 0720;
				ORGANIZATIONNAME = Microsoft;
				TargetAttributes = {
					D4553BA71C52ADC700AA8C30 = {
						CreatedOnToolsVersion = 7.2;
					};
					D4553BBF1C52ADC700AA8C30 = {
						CreatedOnToolsVersion = 7.2;
						TestTargetID = D4553BA71C52ADC700AA8C30;
					};
				};
			};
			buildConfigurationList = D4E619DF1C47DE5E00903813 /* Build configuration list for PBXProject "Thali" */;
			compatibilityVersion = "Xcode 3.2";
			developmentRegion = English;
			hasScannedForEncodings = 0;
			knownRegions = (
				en,
				Base,
			);
			mainGroup = D4E619DB1C47DE5E00903813;
			productRefGroup = D4E619DB1C47DE5E00903813;
			projectDirPath = "";
			projectRoot = "";
			targets = (
				D4553BA71C52ADC700AA8C30 /* TestApp */,
				D4553BBF1C52ADC700AA8C30 /* TestAppTests */,
			);
		};
/* End PBXProject section */

/* Begin PBXResourcesBuildPhase section */
		D4553BA61C52ADC700AA8C30 /* Resources */ = {
			isa = PBXResourcesBuildPhase;
			buildActionMask = 2147483647;
			files = (
				D4553BBA1C52ADC700AA8C30 /* LaunchScreen.storyboard in Resources */,
				D4553BB71C52ADC700AA8C30 /* Assets.xcassets in Resources */,
				D4553BB51C52ADC700AA8C30 /* Main.storyboard in Resources */,
			);
			runOnlyForDeploymentPostprocessing = 0;
		};
		D4553BBE1C52ADC700AA8C30 /* Resources */ = {
			isa = PBXResourcesBuildPhase;
			buildActionMask = 2147483647;
			files = (
			);
			runOnlyForDeploymentPostprocessing = 0;
		};
/* End PBXResourcesBuildPhase section */

/* Begin PBXSourcesBuildPhase section */
		D4553BA41C52ADC700AA8C30 /* Sources */ = {
			isa = PBXSourcesBuildPhase;
			buildActionMask = 2147483647;
			files = (
				D43F82D91C59330C0055D44F /* THEAtomicFlag.m in Sources */,
				D43F82DA1C59330C0055D44F /* THEProtectedMutableDictionary.m in Sources */,
				D43F82DB1C59330C0055D44F /* THESessionDictionary.m in Sources */,
				D43F82DC1C59330C0055D44F /* GCDAsyncSocket.m in Sources */,
				D43F82DD1C59330C0055D44F /* NPReachability.m in Sources */,
				D43F82DE1C59330C0055D44F /* THEMultipeerClient.m in Sources */,
				D43F82DF1C59330C0055D44F /* THEMultipeerClientSession.m in Sources */,
				D43F82E01C59330C0055D44F /* THEMultipeerClientSocketRelay.m in Sources */,
				D43F82E11C59330C0055D44F /* THEMultipeerManager.m in Sources */,
				D43F82E21C59330C0055D44F /* THEMultipeerPeerSession.m in Sources */,
				D43F82E31C59330C0055D44F /* THEMultipeerServer.m in Sources */,
				D43F82E41C59330C0055D44F /* THEMultipeerServerSession.m in Sources */,
				D43F82E51C59330C0055D44F /* THEMultipeerServerSocketRelay.m in Sources */,
				D43F82E61C59330C0055D44F /* THEMultipeerSocketRelay.m in Sources */,
				D43F82E71C59330C0055D44F /* THEAppContext.m in Sources */,
				D43F82E81C59330C0055D44F /* THEPeerBluetooth.m in Sources */,
				D4553BB21C52ADC700AA8C30 /* ViewController.m in Sources */,
				D4553BAF1C52ADC700AA8C30 /* AppDelegate.m in Sources */,
				D4553BAC1C52ADC700AA8C30 /* main.m in Sources */,
			);
			runOnlyForDeploymentPostprocessing = 0;
		};
		D4553BBC1C52ADC700AA8C30 /* Sources */ = {
			isa = PBXSourcesBuildPhase;
			buildActionMask = 2147483647;
			files = (
				D4553BC51C52ADC700AA8C30 /* ThaliSingleInstanceTests.m in Sources */,
				D4C650DD1C52FD8E005F9613 /* ThaliMultipleInstanceTests.m in Sources */,
			);
			runOnlyForDeploymentPostprocessing = 0;
		};
/* End PBXSourcesBuildPhase section */

/* Begin PBXTargetDependency section */
		D4553BC21C52ADC700AA8C30 /* PBXTargetDependency */ = {
			isa = PBXTargetDependency;
			target = D4553BA71C52ADC700AA8C30 /* TestApp */;
			targetProxy = D4553BC11C52ADC700AA8C30 /* PBXContainerItemProxy */;
		};
/* End PBXTargetDependency section */

/* Begin PBXVariantGroup section */
		D4553BB31C52ADC700AA8C30 /* Main.storyboard */ = {
			isa = PBXVariantGroup;
			children = (
				D4553BB41C52ADC700AA8C30 /* Base */,
			);
			name = Main.storyboard;
			sourceTree = "<group>";
		};
		D4553BB81C52ADC700AA8C30 /* LaunchScreen.storyboard */ = {
			isa = PBXVariantGroup;
			children = (
				D4553BB91C52ADC700AA8C30 /* Base */,
			);
			name = LaunchScreen.storyboard;
			sourceTree = "<group>";
		};
/* End PBXVariantGroup section */

/* Begin XCBuildConfiguration section */
		D4553BC81C52ADC700AA8C30 /* Debug */ = {
			isa = XCBuildConfiguration;
			buildSettings = {
				ASSETCATALOG_COMPILER_APPICON_NAME = AppIcon;
				INFOPLIST_FILE = TestApp/Info.plist;
				IPHONEOS_DEPLOYMENT_TARGET = 9.0;
				LD_RUNPATH_SEARCH_PATHS = "$(inherited) @executable_path/Frameworks";
				PRODUCT_BUNDLE_IDENTIFIER = org.thaliproject.p2p.TestApp;
				PRODUCT_NAME = "$(TARGET_NAME)";
				TARGETED_DEVICE_FAMILY = "1,2";
			};
			name = Debug;
		};
		D4553BC91C52ADC700AA8C30 /* Release */ = {
			isa = XCBuildConfiguration;
			buildSettings = {
				ASSETCATALOG_COMPILER_APPICON_NAME = AppIcon;
				INFOPLIST_FILE = TestApp/Info.plist;
				IPHONEOS_DEPLOYMENT_TARGET = 9.0;
				LD_RUNPATH_SEARCH_PATHS = "$(inherited) @executable_path/Frameworks";
				PRODUCT_BUNDLE_IDENTIFIER = org.thaliproject.p2p.TestApp;
				PRODUCT_NAME = "$(TARGET_NAME)";
				TARGETED_DEVICE_FAMILY = "1,2";
			};
			name = Release;
		};
		D4553BCB1C52ADC700AA8C30 /* Debug */ = {
			isa = XCBuildConfiguration;
			buildSettings = {
				BUNDLE_LOADER = "$(TEST_HOST)";
				INFOPLIST_FILE = TestAppTests/Info.plist;
				IPHONEOS_DEPLOYMENT_TARGET = 9.2;
				LD_RUNPATH_SEARCH_PATHS = "$(inherited) @executable_path/Frameworks @loader_path/Frameworks";
				ONLY_ACTIVE_ARCH = YES;
				PRODUCT_BUNDLE_IDENTIFIER = org.thaliproject.p2p.TestAppTests;
				PRODUCT_NAME = "$(TARGET_NAME)";
				TEST_HOST = "$(BUILT_PRODUCTS_DIR)/TestApp.app/TestApp";
			};
			name = Debug;
		};
		D4553BCC1C52ADC700AA8C30 /* Release */ = {
			isa = XCBuildConfiguration;
			buildSettings = {
				BUNDLE_LOADER = "$(TEST_HOST)";
				INFOPLIST_FILE = TestAppTests/Info.plist;
				IPHONEOS_DEPLOYMENT_TARGET = 9.2;
				LD_RUNPATH_SEARCH_PATHS = "$(inherited) @executable_path/Frameworks @loader_path/Frameworks";
				ONLY_ACTIVE_ARCH = YES;
				PRODUCT_BUNDLE_IDENTIFIER = org.thaliproject.p2p.TestAppTests;
				PRODUCT_NAME = "$(TARGET_NAME)";
				TEST_HOST = "$(BUILT_PRODUCTS_DIR)/TestApp.app/TestApp";
			};
			name = Release;
		};
		D4E619EB1C47DE5E00903813 /* Debug */ = {
			isa = XCBuildConfiguration;
			buildSettings = {
				ALWAYS_SEARCH_USER_PATHS = NO;
				CLANG_CXX_LANGUAGE_STANDARD = "gnu++0x";
				CLANG_CXX_LIBRARY = "libc++";
				CLANG_ENABLE_MODULES = YES;
				CLANG_ENABLE_OBJC_ARC = YES;
				CLANG_WARN_BOOL_CONVERSION = YES;
				CLANG_WARN_CONSTANT_CONVERSION = YES;
				CLANG_WARN_DIRECT_OBJC_ISA_USAGE = YES_ERROR;
				CLANG_WARN_EMPTY_BODY = YES;
				CLANG_WARN_ENUM_CONVERSION = YES;
				CLANG_WARN_INT_CONVERSION = YES;
				CLANG_WARN_OBJC_ROOT_CLASS = YES_ERROR;
				CLANG_WARN_UNREACHABLE_CODE = YES;
				CLANG_WARN__DUPLICATE_METHOD_MATCH = YES;
				"CODE_SIGN_IDENTITY[sdk=iphoneos*]" = "iPhone Developer";
				COPY_PHASE_STRIP = NO;
				DEBUG_INFORMATION_FORMAT = dwarf;
				ENABLE_STRICT_OBJC_MSGSEND = YES;
				ENABLE_TESTABILITY = YES;
				GCC_C_LANGUAGE_STANDARD = gnu99;
				GCC_DYNAMIC_NO_PIC = NO;
				GCC_NO_COMMON_BLOCKS = YES;
				GCC_OPTIMIZATION_LEVEL = 0;
				GCC_PREPROCESSOR_DEFINITIONS = (
					"DEBUG=1",
					"$(inherited)",
				);
				GCC_WARN_64_TO_32_BIT_CONVERSION = YES;
				GCC_WARN_ABOUT_RETURN_TYPE = YES_ERROR;
				GCC_WARN_UNDECLARED_SELECTOR = YES;
				GCC_WARN_UNINITIALIZED_AUTOS = YES_AGGRESSIVE;
				GCC_WARN_UNUSED_FUNCTION = YES;
				GCC_WARN_UNUSED_VARIABLE = YES;
				IPHONEOS_DEPLOYMENT_TARGET = 9.0;
				MTL_ENABLE_DEBUG_INFO = YES;
				ONLY_ACTIVE_ARCH = YES;
				SDKROOT = iphoneos;
			};
			name = Debug;
		};
		D4E619EC1C47DE5E00903813 /* Release */ = {
			isa = XCBuildConfiguration;
			buildSettings = {
				ALWAYS_SEARCH_USER_PATHS = NO;
				CLANG_CXX_LANGUAGE_STANDARD = "gnu++0x";
				CLANG_CXX_LIBRARY = "libc++";
				CLANG_ENABLE_MODULES = YES;
				CLANG_ENABLE_OBJC_ARC = YES;
				CLANG_WARN_BOOL_CONVERSION = YES;
				CLANG_WARN_CONSTANT_CONVERSION = YES;
				CLANG_WARN_DIRECT_OBJC_ISA_USAGE = YES_ERROR;
				CLANG_WARN_EMPTY_BODY = YES;
				CLANG_WARN_ENUM_CONVERSION = YES;
				CLANG_WARN_INT_CONVERSION = YES;
				CLANG_WARN_OBJC_ROOT_CLASS = YES_ERROR;
				CLANG_WARN_UNREACHABLE_CODE = YES;
				CLANG_WARN__DUPLICATE_METHOD_MATCH = YES;
				"CODE_SIGN_IDENTITY[sdk=iphoneos*]" = "iPhone Developer";
				COPY_PHASE_STRIP = NO;
				DEBUG_INFORMATION_FORMAT = "dwarf-with-dsym";
				ENABLE_NS_ASSERTIONS = NO;
				ENABLE_STRICT_OBJC_MSGSEND = YES;
				GCC_C_LANGUAGE_STANDARD = gnu99;
				GCC_NO_COMMON_BLOCKS = YES;
				GCC_WARN_64_TO_32_BIT_CONVERSION = YES;
				GCC_WARN_ABOUT_RETURN_TYPE = YES_ERROR;
				GCC_WARN_UNDECLARED_SELECTOR = YES;
				GCC_WARN_UNINITIALIZED_AUTOS = YES_AGGRESSIVE;
				GCC_WARN_UNUSED_FUNCTION = YES;
				GCC_WARN_UNUSED_VARIABLE = YES;
				IPHONEOS_DEPLOYMENT_TARGET = 9.0;
				MTL_ENABLE_DEBUG_INFO = NO;
				SDKROOT = iphoneos;
				VALIDATE_PRODUCT = YES;
			};
			name = Release;
		};
/* End XCBuildConfiguration section */

/* Begin XCConfigurationList section */
		D4553BC71C52ADC700AA8C30 /* Build configuration list for PBXNativeTarget "TestApp" */ = {
			isa = XCConfigurationList;
			buildConfigurations = (
				D4553BC81C52ADC700AA8C30 /* Debug */,
				D4553BC91C52ADC700AA8C30 /* Release */,
			);
			defaultConfigurationIsVisible = 0;
			defaultConfigurationName = Release;
		};
		D4553BCA1C52ADC700AA8C30 /* Build configuration list for PBXNativeTarget "TestAppTests" */ = {
			isa = XCConfigurationList;
			buildConfigurations = (
				D4553BCB1C52ADC700AA8C30 /* Debug */,
				D4553BCC1C52ADC700AA8C30 /* Release */,
			);
			defaultConfigurationIsVisible = 0;
			defaultConfigurationName = Release;
		};
		D4E619DF1C47DE5E00903813 /* Build configuration list for PBXProject "Thali" */ = {
			isa = XCConfigurationList;
			buildConfigurations = (
				D4E619EB1C47DE5E00903813 /* Debug */,
				D4E619EC1C47DE5E00903813 /* Release */,
			);
			defaultConfigurationIsVisible = 0;
			defaultConfigurationName = Release;
		};
/* End XCConfigurationList section */
	};
	rootObject = D4E619DC1C47DE5E00903813 /* Project object */;
}
