// !$*UTF8*$!
{
	archiveVersion = 1;
	classes = {
	};
	objectVersion = 46;
	objects = {

/* Begin PBXBuildFile section */
		D401726E1C510AD20072022A /* THEMultipeerClient.m in Sources */ = {isa = PBXBuildFile; fileRef = D40172581C510AD10072022A /* THEMultipeerClient.m */; };
		D401726F1C510AD20072022A /* THEMultipeerClientSession.m in Sources */ = {isa = PBXBuildFile; fileRef = D401725A1C510AD10072022A /* THEMultipeerClientSession.m */; };
		D40172701C510AD20072022A /* THEMultipeerClientSocketRelay.m in Sources */ = {isa = PBXBuildFile; fileRef = D401725C1C510AD10072022A /* THEMultipeerClientSocketRelay.m */; };
		D40172711C510AD20072022A /* THEMultipeerManager.m in Sources */ = {isa = PBXBuildFile; fileRef = D40172611C510AD10072022A /* THEMultipeerManager.m */; };
		D40172721C510AD20072022A /* THEMultipeerPeerSession.m in Sources */ = {isa = PBXBuildFile; fileRef = D40172631C510AD10072022A /* THEMultipeerPeerSession.m */; };
		D40172731C510AD20072022A /* THEMultipeerServer.m in Sources */ = {isa = PBXBuildFile; fileRef = D40172651C510AD10072022A /* THEMultipeerServer.m */; };
		D40172741C510AD20072022A /* THEMultipeerServerSession.m in Sources */ = {isa = PBXBuildFile; fileRef = D40172671C510AD10072022A /* THEMultipeerServerSession.m */; };
		D40172751C510AD20072022A /* THEMultipeerServerSocketRelay.m in Sources */ = {isa = PBXBuildFile; fileRef = D40172691C510AD10072022A /* THEMultipeerServerSocketRelay.m */; };
		D40172761C510AD20072022A /* THEMultipeerSocketRelay.m in Sources */ = {isa = PBXBuildFile; fileRef = D401726D1C510AD10072022A /* THEMultipeerSocketRelay.m */; };
		D401727B1C510B8A0072022A /* GCDAsyncSocket.m in Sources */ = {isa = PBXBuildFile; fileRef = D401727A1C510B8A0072022A /* GCDAsyncSocket.m */; };
		D40172831C510B9D0072022A /* THEAtomicFlag.m in Sources */ = {isa = PBXBuildFile; fileRef = D401727D1C510B9D0072022A /* THEAtomicFlag.m */; };
		D40172841C510B9D0072022A /* THEProtectedMutableDictionary.m in Sources */ = {isa = PBXBuildFile; fileRef = D401727F1C510B9D0072022A /* THEProtectedMutableDictionary.m */; };
		D40172851C510B9D0072022A /* THESessionDictionary.m in Sources */ = {isa = PBXBuildFile; fileRef = D40172811C510B9D0072022A /* THESessionDictionary.m */; };
		D430790C1C4D404E0084C0EE /* THEAppContext.m in Sources */ = {isa = PBXBuildFile; fileRef = D4E619F11C47DEA500903813 /* THEAppContext.m */; };
		D430790D1C4D404E0084C0EE /* THEPeerBluetooth.m in Sources */ = {isa = PBXBuildFile; fileRef = D4E619F51C47DEA500903813 /* THEPeerBluetooth.m */; };
/* End PBXBuildFile section */

/* Begin PBXCopyFilesBuildPhase section */
		D4E619E21C47DE5E00903813 /* CopyFiles */ = {
			isa = PBXCopyFilesBuildPhase;
			buildActionMask = 2147483647;
			dstPath = "include/$(PRODUCT_NAME)";
			dstSubfolderSpec = 16;
			files = (
			);
			runOnlyForDeploymentPostprocessing = 0;
		};
/* End PBXCopyFilesBuildPhase section */

/* Begin PBXFileReference section */
		D40172571C510AD10072022A /* THEMultipeerClient.h */ = {isa = PBXFileReference; fileEncoding = 4; lastKnownFileType = sourcecode.c.h; name = THEMultipeerClient.h; path = ../../MultipeerConnectivity/THEMultipeerClient.h; sourceTree = "<group>"; };
		D40172581C510AD10072022A /* THEMultipeerClient.m */ = {isa = PBXFileReference; fileEncoding = 4; lastKnownFileType = sourcecode.c.objc; name = THEMultipeerClient.m; path = ../../MultipeerConnectivity/THEMultipeerClient.m; sourceTree = "<group>"; };
		D40172591C510AD10072022A /* THEMultipeerClientSession.h */ = {isa = PBXFileReference; fileEncoding = 4; lastKnownFileType = sourcecode.c.h; name = THEMultipeerClientSession.h; path = ../../MultipeerConnectivity/THEMultipeerClientSession.h; sourceTree = "<group>"; };
		D401725A1C510AD10072022A /* THEMultipeerClientSession.m */ = {isa = PBXFileReference; fileEncoding = 4; lastKnownFileType = sourcecode.c.objc; name = THEMultipeerClientSession.m; path = ../../MultipeerConnectivity/THEMultipeerClientSession.m; sourceTree = "<group>"; };
		D401725B1C510AD10072022A /* THEMultipeerClientSocketRelay.h */ = {isa = PBXFileReference; fileEncoding = 4; lastKnownFileType = sourcecode.c.h; name = THEMultipeerClientSocketRelay.h; path = ../../MultipeerConnectivity/THEMultipeerClientSocketRelay.h; sourceTree = "<group>"; };
		D401725C1C510AD10072022A /* THEMultipeerClientSocketRelay.m */ = {isa = PBXFileReference; fileEncoding = 4; lastKnownFileType = sourcecode.c.objc; name = THEMultipeerClientSocketRelay.m; path = ../../MultipeerConnectivity/THEMultipeerClientSocketRelay.m; sourceTree = "<group>"; };
		D401725D1C510AD10072022A /* THEMultipeerClientSocketRelayDelegate.h */ = {isa = PBXFileReference; fileEncoding = 4; lastKnownFileType = sourcecode.c.h; name = THEMultipeerClientSocketRelayDelegate.h; path = ../../MultipeerConnectivity/THEMultipeerClientSocketRelayDelegate.h; sourceTree = "<group>"; };
		D401725E1C510AD10072022A /* THEMultipeerDiscoveryDelegate.h */ = {isa = PBXFileReference; fileEncoding = 4; lastKnownFileType = sourcecode.c.h; name = THEMultipeerDiscoveryDelegate.h; path = ../../MultipeerConnectivity/THEMultipeerDiscoveryDelegate.h; sourceTree = "<group>"; };
		D40172601C510AD10072022A /* THEMultipeerManager.h */ = {isa = PBXFileReference; fileEncoding = 4; lastKnownFileType = sourcecode.c.h; name = THEMultipeerManager.h; path = ../../MultipeerConnectivity/THEMultipeerManager.h; sourceTree = "<group>"; };
		D40172611C510AD10072022A /* THEMultipeerManager.m */ = {isa = PBXFileReference; fileEncoding = 4; lastKnownFileType = sourcecode.c.objc; name = THEMultipeerManager.m; path = ../../MultipeerConnectivity/THEMultipeerManager.m; sourceTree = "<group>"; };
		D40172621C510AD10072022A /* THEMultipeerPeerSession.h */ = {isa = PBXFileReference; fileEncoding = 4; lastKnownFileType = sourcecode.c.h; name = THEMultipeerPeerSession.h; path = ../../MultipeerConnectivity/THEMultipeerPeerSession.h; sourceTree = "<group>"; };
		D40172631C510AD10072022A /* THEMultipeerPeerSession.m */ = {isa = PBXFileReference; fileEncoding = 4; lastKnownFileType = sourcecode.c.objc; name = THEMultipeerPeerSession.m; path = ../../MultipeerConnectivity/THEMultipeerPeerSession.m; sourceTree = "<group>"; };
		D40172641C510AD10072022A /* THEMultipeerServer.h */ = {isa = PBXFileReference; fileEncoding = 4; lastKnownFileType = sourcecode.c.h; name = THEMultipeerServer.h; path = ../../MultipeerConnectivity/THEMultipeerServer.h; sourceTree = "<group>"; };
		D40172651C510AD10072022A /* THEMultipeerServer.m */ = {isa = PBXFileReference; fileEncoding = 4; lastKnownFileType = sourcecode.c.objc; name = THEMultipeerServer.m; path = ../../MultipeerConnectivity/THEMultipeerServer.m; sourceTree = "<group>"; };
		D40172661C510AD10072022A /* THEMultipeerServerSession.h */ = {isa = PBXFileReference; fileEncoding = 4; lastKnownFileType = sourcecode.c.h; name = THEMultipeerServerSession.h; path = ../../MultipeerConnectivity/THEMultipeerServerSession.h; sourceTree = "<group>"; };
		D40172671C510AD10072022A /* THEMultipeerServerSession.m */ = {isa = PBXFileReference; fileEncoding = 4; lastKnownFileType = sourcecode.c.objc; name = THEMultipeerServerSession.m; path = ../../MultipeerConnectivity/THEMultipeerServerSession.m; sourceTree = "<group>"; };
		D40172681C510AD10072022A /* THEMultipeerServerSocketRelay.h */ = {isa = PBXFileReference; fileEncoding = 4; lastKnownFileType = sourcecode.c.h; name = THEMultipeerServerSocketRelay.h; path = ../../MultipeerConnectivity/THEMultipeerServerSocketRelay.h; sourceTree = "<group>"; };
		D40172691C510AD10072022A /* THEMultipeerServerSocketRelay.m */ = {isa = PBXFileReference; fileEncoding = 4; lastKnownFileType = sourcecode.c.objc; name = THEMultipeerServerSocketRelay.m; path = ../../MultipeerConnectivity/THEMultipeerServerSocketRelay.m; sourceTree = "<group>"; };
		D401726A1C510AD10072022A /* THEMultipeerServerSocketRelayDelegate.h */ = {isa = PBXFileReference; fileEncoding = 4; lastKnownFileType = sourcecode.c.h; name = THEMultipeerServerSocketRelayDelegate.h; path = ../../MultipeerConnectivity/THEMultipeerServerSocketRelayDelegate.h; sourceTree = "<group>"; };
		D401726B1C510AD10072022A /* THEMultipeerSessionStateDelegate.h */ = {isa = PBXFileReference; fileEncoding = 4; lastKnownFileType = sourcecode.c.h; name = THEMultipeerSessionStateDelegate.h; path = ../../MultipeerConnectivity/THEMultipeerSessionStateDelegate.h; sourceTree = "<group>"; };
		D401726C1C510AD10072022A /* THEMultipeerSocketRelay.h */ = {isa = PBXFileReference; fileEncoding = 4; lastKnownFileType = sourcecode.c.h; name = THEMultipeerSocketRelay.h; path = ../../MultipeerConnectivity/THEMultipeerSocketRelay.h; sourceTree = "<group>"; };
		D401726D1C510AD10072022A /* THEMultipeerSocketRelay.m */ = {isa = PBXFileReference; fileEncoding = 4; lastKnownFileType = sourcecode.c.objc; name = THEMultipeerSocketRelay.m; path = ../../MultipeerConnectivity/THEMultipeerSocketRelay.m; sourceTree = "<group>"; };
		D40172781C510B700072022A /* THEPeerDiscoveryDelegate.h */ = {isa = PBXFileReference; fileEncoding = 4; lastKnownFileType = sourcecode.c.h; name = THEPeerDiscoveryDelegate.h; path = ../../THEPeerDiscoveryDelegate.h; sourceTree = "<group>"; };
		D40172791C510B8A0072022A /* GCDAsyncSocket.h */ = {isa = PBXFileReference; fileEncoding = 4; lastKnownFileType = sourcecode.c.h; name = GCDAsyncSocket.h; path = ../../GCDAsyncSocket/GCDAsyncSocket.h; sourceTree = "<group>"; };
		D401727A1C510B8A0072022A /* GCDAsyncSocket.m */ = {isa = PBXFileReference; fileEncoding = 4; lastKnownFileType = sourcecode.c.objc; name = GCDAsyncSocket.m; path = ../../GCDAsyncSocket/GCDAsyncSocket.m; sourceTree = "<group>"; };
		D401727C1C510B9D0072022A /* THEAtomicFlag.h */ = {isa = PBXFileReference; fileEncoding = 4; lastKnownFileType = sourcecode.c.h; name = THEAtomicFlag.h; path = ../../Utility/THEAtomicFlag.h; sourceTree = "<group>"; };
		D401727D1C510B9D0072022A /* THEAtomicFlag.m */ = {isa = PBXFileReference; fileEncoding = 4; lastKnownFileType = sourcecode.c.objc; name = THEAtomicFlag.m; path = ../../Utility/THEAtomicFlag.m; sourceTree = "<group>"; };
		D401727E1C510B9D0072022A /* THEProtectedMutableDictionary.h */ = {isa = PBXFileReference; fileEncoding = 4; lastKnownFileType = sourcecode.c.h; name = THEProtectedMutableDictionary.h; path = ../../Utility/THEProtectedMutableDictionary.h; sourceTree = "<group>"; };
		D401727F1C510B9D0072022A /* THEProtectedMutableDictionary.m */ = {isa = PBXFileReference; fileEncoding = 4; lastKnownFileType = sourcecode.c.objc; name = THEProtectedMutableDictionary.m; path = ../../Utility/THEProtectedMutableDictionary.m; sourceTree = "<group>"; };
		D40172801C510B9D0072022A /* THESessionDictionary.h */ = {isa = PBXFileReference; fileEncoding = 4; lastKnownFileType = sourcecode.c.h; name = THESessionDictionary.h; path = ../../Utility/THESessionDictionary.h; sourceTree = "<group>"; };
		D40172811C510B9D0072022A /* THESessionDictionary.m */ = {isa = PBXFileReference; fileEncoding = 4; lastKnownFileType = sourcecode.c.objc; name = THESessionDictionary.m; path = ../../Utility/THESessionDictionary.m; sourceTree = "<group>"; };
		D40172821C510B9D0072022A /* THEThreading.h */ = {isa = PBXFileReference; fileEncoding = 4; lastKnownFileType = sourcecode.c.h; name = THEThreading.h; path = ../../Utility/THEThreading.h; sourceTree = "<group>"; };
		D4E619E41C47DE5E00903813 /* libThali.a */ = {isa = PBXFileReference; explicitFileType = archive.ar; includeInIndex = 0; path = libThali.a; sourceTree = BUILT_PRODUCTS_DIR; };
		D4E619F01C47DEA500903813 /* THEAppContext.h */ = {isa = PBXFileReference; fileEncoding = 4; lastKnownFileType = sourcecode.c.h; name = THEAppContext.h; path = ../../THEAppContext.h; sourceTree = "<group>"; };
		D4E619F11C47DEA500903813 /* THEAppContext.m */ = {isa = PBXFileReference; fileEncoding = 4; lastKnownFileType = sourcecode.c.objc; name = THEAppContext.m; path = ../../THEAppContext.m; sourceTree = "<group>"; };
		D4E619F41C47DEA500903813 /* THEPeerBluetooth.h */ = {isa = PBXFileReference; fileEncoding = 4; lastKnownFileType = sourcecode.c.h; name = THEPeerBluetooth.h; path = ../../THEPeerBluetooth.h; sourceTree = "<group>"; };
		D4E619F51C47DEA500903813 /* THEPeerBluetooth.m */ = {isa = PBXFileReference; fileEncoding = 4; lastKnownFileType = sourcecode.c.objc; name = THEPeerBluetooth.m; path = ../../THEPeerBluetooth.m; sourceTree = "<group>"; };
		D4E619F61C47DEA500903813 /* THEPeerBluetoothDelegate.h */ = {isa = PBXFileReference; fileEncoding = 4; lastKnownFileType = sourcecode.c.h; name = THEPeerBluetoothDelegate.h; path = ../../THEPeerBluetoothDelegate.h; sourceTree = "<group>"; };
		D4E61A001C47E49900903813 /* THEThaliEventDelegate.h */ = {isa = PBXFileReference; fileEncoding = 4; lastKnownFileType = sourcecode.c.h; name = THEThaliEventDelegate.h; path = ../../THEThaliEventDelegate.h; sourceTree = "<group>"; };
/* End PBXFileReference section */

/* Begin PBXFrameworksBuildPhase section */
		D4E619E11C47DE5E00903813 /* Frameworks */ = {
			isa = PBXFrameworksBuildPhase;
			buildActionMask = 2147483647;
			files = (
			);
			runOnlyForDeploymentPostprocessing = 0;
		};
/* End PBXFrameworksBuildPhase section */

/* Begin PBXGroup section */
		D4E619DB1C47DE5E00903813 = {
			isa = PBXGroup;
			children = (
				D401727C1C510B9D0072022A /* THEAtomicFlag.h */,
				D401727D1C510B9D0072022A /* THEAtomicFlag.m */,
				D401727E1C510B9D0072022A /* THEProtectedMutableDictionary.h */,
				D401727F1C510B9D0072022A /* THEProtectedMutableDictionary.m */,
				D40172801C510B9D0072022A /* THESessionDictionary.h */,
				D40172811C510B9D0072022A /* THESessionDictionary.m */,
				D40172821C510B9D0072022A /* THEThreading.h */,
				D40172791C510B8A0072022A /* GCDAsyncSocket.h */,
				D401727A1C510B8A0072022A /* GCDAsyncSocket.m */,
				D40172781C510B700072022A /* THEPeerDiscoveryDelegate.h */,
				D40172571C510AD10072022A /* THEMultipeerClient.h */,
				D40172581C510AD10072022A /* THEMultipeerClient.m */,
				D40172591C510AD10072022A /* THEMultipeerClientSession.h */,
				D401725A1C510AD10072022A /* THEMultipeerClientSession.m */,
				D401725B1C510AD10072022A /* THEMultipeerClientSocketRelay.h */,
				D401725C1C510AD10072022A /* THEMultipeerClientSocketRelay.m */,
				D401725D1C510AD10072022A /* THEMultipeerClientSocketRelayDelegate.h */,
				D401725E1C510AD10072022A /* THEMultipeerDiscoveryDelegate.h */,
				D40172601C510AD10072022A /* THEMultipeerManager.h */,
				D40172611C510AD10072022A /* THEMultipeerManager.m */,
				D40172621C510AD10072022A /* THEMultipeerPeerSession.h */,
				D40172631C510AD10072022A /* THEMultipeerPeerSession.m */,
				D40172641C510AD10072022A /* THEMultipeerServer.h */,
				D40172651C510AD10072022A /* THEMultipeerServer.m */,
				D40172661C510AD10072022A /* THEMultipeerServerSession.h */,
				D40172671C510AD10072022A /* THEMultipeerServerSession.m */,
				D40172681C510AD10072022A /* THEMultipeerServerSocketRelay.h */,
				D40172691C510AD10072022A /* THEMultipeerServerSocketRelay.m */,
				D401726A1C510AD10072022A /* THEMultipeerServerSocketRelayDelegate.h */,
				D401726B1C510AD10072022A /* THEMultipeerSessionStateDelegate.h */,
				D401726C1C510AD10072022A /* THEMultipeerSocketRelay.h */,
				D401726D1C510AD10072022A /* THEMultipeerSocketRelay.m */,
				D4E619F01C47DEA500903813 /* THEAppContext.h */,
				D4E619F11C47DEA500903813 /* THEAppContext.m */,
				D4E61A001C47E49900903813 /* THEThaliEventDelegate.h */,
				D4E619F41C47DEA500903813 /* THEPeerBluetooth.h */,
				D4E619F51C47DEA500903813 /* THEPeerBluetooth.m */,
				D4E619F61C47DEA500903813 /* THEPeerBluetoothDelegate.h */,
				D4E619E51C47DE5E00903813 /* Products */,
			);
			sourceTree = "<group>";
		};
		D4E619E51C47DE5E00903813 /* Products */ = {
			isa = PBXGroup;
			children = (
				D4E619E41C47DE5E00903813 /* libThali.a */,
			);
			name = Products;
			sourceTree = "<group>";
		};
/* End PBXGroup section */

/* Begin PBXNativeTarget section */
		D4E619E31C47DE5E00903813 /* Thali */ = {
			isa = PBXNativeTarget;
			buildConfigurationList = D4E619ED1C47DE5E00903813 /* Build configuration list for PBXNativeTarget "Thali" */;
			buildPhases = (
				D430790B1C4D403E0084C0EE /* Sources */,
				D4E619E11C47DE5E00903813 /* Frameworks */,
				D4E619E21C47DE5E00903813 /* CopyFiles */,
			);
			buildRules = (
			);
			dependencies = (
			);
			name = Thali;
			productName = Thali;
			productReference = D4E619E41C47DE5E00903813 /* libThali.a */;
			productType = "com.apple.product-type.library.static";
		};
/* End PBXNativeTarget section */

/* Begin PBXProject section */
		D4E619DC1C47DE5E00903813 /* Project object */ = {
			isa = PBXProject;
			attributes = {
				LastUpgradeCheck = 0720;
				ORGANIZATIONNAME = Microsoft;
				TargetAttributes = {
					D4E619E31C47DE5E00903813 = {
						CreatedOnToolsVersion = 7.2;
					};
				};
			};
			buildConfigurationList = D4E619DF1C47DE5E00903813 /* Build configuration list for PBXProject "Thali" */;
			compatibilityVersion = "Xcode 3.2";
			developmentRegion = English;
			hasScannedForEncodings = 0;
			knownRegions = (
				en,
			);
			mainGroup = D4E619DB1C47DE5E00903813;
			productRefGroup = D4E619E51C47DE5E00903813 /* Products */;
			projectDirPath = "";
			projectRoot = "";
			targets = (
				D4E619E31C47DE5E00903813 /* Thali */,
			);
		};
/* End PBXProject section */

/* Begin PBXSourcesBuildPhase section */
		D430790B1C4D403E0084C0EE /* Sources */ = {
			isa = PBXSourcesBuildPhase;
			buildActionMask = 2147483647;
			files = (
				D401727B1C510B8A0072022A /* GCDAsyncSocket.m in Sources */,
				D40172721C510AD20072022A /* THEMultipeerPeerSession.m in Sources */,
				D40172761C510AD20072022A /* THEMultipeerSocketRelay.m in Sources */,
				D430790C1C4D404E0084C0EE /* THEAppContext.m in Sources */,
				D40172831C510B9D0072022A /* THEAtomicFlag.m in Sources */,
				D40172711C510AD20072022A /* THEMultipeerManager.m in Sources */,
				D40172851C510B9D0072022A /* THESessionDictionary.m in Sources */,
				D401726F1C510AD20072022A /* THEMultipeerClientSession.m in Sources */,
				D40172701C510AD20072022A /* THEMultipeerClientSocketRelay.m in Sources */,
				D401726E1C510AD20072022A /* THEMultipeerClient.m in Sources */,
				D40172841C510B9D0072022A /* THEProtectedMutableDictionary.m in Sources */,
				D40172731C510AD20072022A /* THEMultipeerServer.m in Sources */,
				D430790D1C4D404E0084C0EE /* THEPeerBluetooth.m in Sources */,
				D40172741C510AD20072022A /* THEMultipeerServerSession.m in Sources */,
				D40172751C510AD20072022A /* THEMultipeerServerSocketRelay.m in Sources */,
			);
			runOnlyForDeploymentPostprocessing = 0;
		};
/* End PBXSourcesBuildPhase section */

/* Begin XCBuildConfiguration section */
		D4E619EB1C47DE5E00903813 /* Debug */ = {
			isa = XCBuildConfiguration;
			buildSettings = {
				ALWAYS_SEARCH_USER_PATHS = NO;
				CLANG_CXX_LANGUAGE_STANDARD = "gnu++0x";
				CLANG_CXX_LIBRARY = "libc++";
				CLANG_ENABLE_MODULES = YES;
				CLANG_ENABLE_OBJC_ARC = YES;
				CLANG_WARN_BOOL_CONVERSION = YES;
				CLANG_WARN_CONSTANT_CONVERSION = YES;
				CLANG_WARN_DIRECT_OBJC_ISA_USAGE = YES_ERROR;
				CLANG_WARN_EMPTY_BODY = YES;
				CLANG_WARN_ENUM_CONVERSION = YES;
				CLANG_WARN_INT_CONVERSION = YES;
				CLANG_WARN_OBJC_ROOT_CLASS = YES_ERROR;
				CLANG_WARN_UNREACHABLE_CODE = YES;
				CLANG_WARN__DUPLICATE_METHOD_MATCH = YES;
				"CODE_SIGN_IDENTITY[sdk=iphoneos*]" = "iPhone Developer";
				COPY_PHASE_STRIP = NO;
				DEBUG_INFORMATION_FORMAT = dwarf;
				ENABLE_STRICT_OBJC_MSGSEND = YES;
				ENABLE_TESTABILITY = YES;
				GCC_C_LANGUAGE_STANDARD = gnu99;
				GCC_DYNAMIC_NO_PIC = NO;
				GCC_NO_COMMON_BLOCKS = YES;
				GCC_OPTIMIZATION_LEVEL = 0;
				GCC_PREPROCESSOR_DEFINITIONS = (
					"DEBUG=1",
					"$(inherited)",
				);
				GCC_WARN_64_TO_32_BIT_CONVERSION = YES;
				GCC_WARN_ABOUT_RETURN_TYPE = YES_ERROR;
				GCC_WARN_UNDECLARED_SELECTOR = YES;
				GCC_WARN_UNINITIALIZED_AUTOS = YES_AGGRESSIVE;
				GCC_WARN_UNUSED_FUNCTION = YES;
				GCC_WARN_UNUSED_VARIABLE = YES;
				IPHONEOS_DEPLOYMENT_TARGET = 9.2;
				MTL_ENABLE_DEBUG_INFO = YES;
				ONLY_ACTIVE_ARCH = YES;
				SDKROOT = iphoneos;
			};
			name = Debug;
		};
		D4E619EC1C47DE5E00903813 /* Release */ = {
			isa = XCBuildConfiguration;
			buildSettings = {
				ALWAYS_SEARCH_USER_PATHS = NO;
				CLANG_CXX_LANGUAGE_STANDARD = "gnu++0x";
				CLANG_CXX_LIBRARY = "libc++";
				CLANG_ENABLE_MODULES = YES;
				CLANG_ENABLE_OBJC_ARC = YES;
				CLANG_WARN_BOOL_CONVERSION = YES;
				CLANG_WARN_CONSTANT_CONVERSION = YES;
				CLANG_WARN_DIRECT_OBJC_ISA_USAGE = YES_ERROR;
				CLANG_WARN_EMPTY_BODY = YES;
				CLANG_WARN_ENUM_CONVERSION = YES;
				CLANG_WARN_INT_CONVERSION = YES;
				CLANG_WARN_OBJC_ROOT_CLASS = YES_ERROR;
				CLANG_WARN_UNREACHABLE_CODE = YES;
				CLANG_WARN__DUPLICATE_METHOD_MATCH = YES;
				"CODE_SIGN_IDENTITY[sdk=iphoneos*]" = "iPhone Developer";
				COPY_PHASE_STRIP = NO;
				DEBUG_INFORMATION_FORMAT = "dwarf-with-dsym";
				ENABLE_NS_ASSERTIONS = NO;
				ENABLE_STRICT_OBJC_MSGSEND = YES;
				GCC_C_LANGUAGE_STANDARD = gnu99;
				GCC_NO_COMMON_BLOCKS = YES;
				GCC_WARN_64_TO_32_BIT_CONVERSION = YES;
				GCC_WARN_ABOUT_RETURN_TYPE = YES_ERROR;
				GCC_WARN_UNDECLARED_SELECTOR = YES;
				GCC_WARN_UNINITIALIZED_AUTOS = YES_AGGRESSIVE;
				GCC_WARN_UNUSED_FUNCTION = YES;
				GCC_WARN_UNUSED_VARIABLE = YES;
				IPHONEOS_DEPLOYMENT_TARGET = 9.2;
				MTL_ENABLE_DEBUG_INFO = NO;
				SDKROOT = iphoneos;
				VALIDATE_PRODUCT = YES;
			};
			name = Release;
		};
		D4E619EE1C47DE5E00903813 /* Debug */ = {
			isa = XCBuildConfiguration;
			buildSettings = {
				GCC_TREAT_WARNINGS_AS_ERRORS = YES;
				GCC_WARN_PEDANTIC = YES;
				HEADER_SEARCH_PATHS = (
					../../Utility,
					../../NPReachability,
					../../MultipeerConnectivity,
					../../GCDAsyncSocket,
				);
				OTHER_LDFLAGS = "-ObjC";
				PRODUCT_NAME = "$(TARGET_NAME)";
				SKIP_INSTALL = YES;
			};
			name = Debug;
		};
		D4E619EF1C47DE5E00903813 /* Release */ = {
			isa = XCBuildConfiguration;
			buildSettings = {
				GCC_TREAT_WARNINGS_AS_ERRORS = YES;
				GCC_WARN_PEDANTIC = YES;
				HEADER_SEARCH_PATHS = (
					../../Utility,
					../../NPReachability,
					../../MultipeerConnectivity,
					../../GCDAsyncSocket,
				);
				OTHER_LDFLAGS = "-ObjC";
				PRODUCT_NAME = "$(TARGET_NAME)";
				SKIP_INSTALL = YES;
			};
			name = Release;
		};
/* End XCBuildConfiguration section */

/* Begin XCConfigurationList section */
		D4E619DF1C47DE5E00903813 /* Build configuration list for PBXProject "Thali" */ = {
			isa = XCConfigurationList;
			buildConfigurations = (
				D4E619EB1C47DE5E00903813 /* Debug */,
				D4E619EC1C47DE5E00903813 /* Release */,
			);
			defaultConfigurationIsVisible = 0;
			defaultConfigurationName = Release;
		};
		D4E619ED1C47DE5E00903813 /* Build configuration list for PBXNativeTarget "Thali" */ = {
			isa = XCConfigurationList;
			buildConfigurations = (
				D4E619EE1C47DE5E00903813 /* Debug */,
				D4E619EF1C47DE5E00903813 /* Release */,
			);
			defaultConfigurationIsVisible = 0;
			defaultConfigurationName = Release;
		};
/* End XCConfigurationList section */
	};
	rootObject = D4E619DC1C47DE5E00903813 /* Project object */;
}
